// !$*UTF8*$!
{
	archiveVersion = 1;
	classes = {
	};
	objectVersion = 46;
	objects = {

/* Begin PBXBuildFile section */
		A8C6DAD21D3F45930075C54E /* AppDelegate.swift in Sources */ = {isa = PBXBuildFile; fileRef = A8C6DAD11D3F45930075C54E /* AppDelegate.swift */; };
		A8C6DAD41D3F45930075C54E /* ViewController.swift in Sources */ = {isa = PBXBuildFile; fileRef = A8C6DAD31D3F45930075C54E /* ViewController.swift */; };
		A8C6DAD71D3F45930075C54E /* MBase.xcdatamodeld in Sources */ = {isa = PBXBuildFile; fileRef = A8C6DAD51D3F45930075C54E /* MBase.xcdatamodeld */; };
		A8C6DAD91D3F45930075C54E /* Assets.xcassets in Resources */ = {isa = PBXBuildFile; fileRef = A8C6DAD81D3F45930075C54E /* Assets.xcassets */; };
		A8C6DADC1D3F45930075C54E /* Main.storyboard in Resources */ = {isa = PBXBuildFile; fileRef = A8C6DADA1D3F45930075C54E /* Main.storyboard */; };
		A8C6DAE71D3F45930075C54E /* MBaseTests.swift in Sources */ = {isa = PBXBuildFile; fileRef = A8C6DAE61D3F45930075C54E /* MBaseTests.swift */; };
		A8C6DAF21D3F45930075C54E /* MBaseUITests.swift in Sources */ = {isa = PBXBuildFile; fileRef = A8C6DAF11D3F45930075C54E /* MBaseUITests.swift */; };
/* End PBXBuildFile section */

/* Begin PBXContainerItemProxy section */
		A8C6DAE31D3F45930075C54E /* PBXContainerItemProxy */ = {
			isa = PBXContainerItemProxy;
			containerPortal = A8C6DAC61D3F45930075C54E /* Project object */;
			proxyType = 1;
			remoteGlobalIDString = A8C6DACD1D3F45930075C54E;
			remoteInfo = MBase;
		};
		A8C6DAEE1D3F45930075C54E /* PBXContainerItemProxy */ = {
			isa = PBXContainerItemProxy;
			containerPortal = A8C6DAC61D3F45930075C54E /* Project object */;
			proxyType = 1;
			remoteGlobalIDString = A8C6DACD1D3F45930075C54E;
			remoteInfo = MBase;
		};
/* End PBXContainerItemProxy section */

/* Begin PBXFileReference section */
		A8C6DACE1D3F45930075C54E /* MBase.app */ = {isa = PBXFileReference; explicitFileType = wrapper.application; includeInIndex = 0; path = MBase.app; sourceTree = BUILT_PRODUCTS_DIR; };
		A8C6DAD11D3F45930075C54E /* AppDelegate.swift */ = {isa = PBXFileReference; lastKnownFileType = sourcecode.swift; path = AppDelegate.swift; sourceTree = "<group>"; };
		A8C6DAD31D3F45930075C54E /* ViewController.swift */ = {isa = PBXFileReference; lastKnownFileType = sourcecode.swift; path = ViewController.swift; sourceTree = "<group>"; };
		A8C6DAD61D3F45930075C54E /* MBase.xcdatamodel */ = {isa = PBXFileReference; lastKnownFileType = wrapper.xcdatamodel; path = MBase.xcdatamodel; sourceTree = "<group>"; };
		A8C6DAD81D3F45930075C54E /* Assets.xcassets */ = {isa = PBXFileReference; lastKnownFileType = folder.assetcatalog; path = Assets.xcassets; sourceTree = "<group>"; };
		A8C6DADB1D3F45930075C54E /* Base */ = {isa = PBXFileReference; lastKnownFileType = file.storyboard; name = Base; path = Base.lproj/Main.storyboard; sourceTree = "<group>"; };
		A8C6DADD1D3F45930075C54E /* Info.plist */ = {isa = PBXFileReference; lastKnownFileType = text.plist.xml; path = Info.plist; sourceTree = "<group>"; };
		A8C6DAE21D3F45930075C54E /* MBaseTests.xctest */ = {isa = PBXFileReference; explicitFileType = wrapper.cfbundle; includeInIndex = 0; path = MBaseTests.xctest; sourceTree = BUILT_PRODUCTS_DIR; };
		A8C6DAE61D3F45930075C54E /* MBaseTests.swift */ = {isa = PBXFileReference; lastKnownFileType = sourcecode.swift; path = MBaseTests.swift; sourceTree = "<group>"; };
		A8C6DAE81D3F45930075C54E /* Info.plist */ = {isa = PBXFileReference; lastKnownFileType = text.plist.xml; path = Info.plist; sourceTree = "<group>"; };
		A8C6DAED1D3F45930075C54E /* MBaseUITests.xctest */ = {isa = PBXFileReference; explicitFileType = wrapper.cfbundle; includeInIndex = 0; path = MBaseUITests.xctest; sourceTree = BUILT_PRODUCTS_DIR; };
		A8C6DAF11D3F45930075C54E /* MBaseUITests.swift */ = {isa = PBXFileReference; lastKnownFileType = sourcecode.swift; path = MBaseUITests.swift; sourceTree = "<group>"; };
		A8C6DAF31D3F45930075C54E /* Info.plist */ = {isa = PBXFileReference; lastKnownFileType = text.plist.xml; path = Info.plist; sourceTree = "<group>"; };
/* End PBXFileReference section */

/* Begin PBXFrameworksBuildPhase section */
		A8C6DACB1D3F45930075C54E /* Frameworks */ = {
			isa = PBXFrameworksBuildPhase;
			buildActionMask = 2147483647;
			files = (
			);
			runOnlyForDeploymentPostprocessing = 0;
		};
		A8C6DADF1D3F45930075C54E /* Frameworks */ = {
			isa = PBXFrameworksBuildPhase;
			buildActionMask = 2147483647;
			files = (
			);
			runOnlyForDeploymentPostprocessing = 0;
		};
		A8C6DAEA1D3F45930075C54E /* Frameworks */ = {
			isa = PBXFrameworksBuildPhase;
			buildActionMask = 2147483647;
			files = (
			);
			runOnlyForDeploymentPostprocessing = 0;
		};
/* End PBXFrameworksBuildPhase section */

/* Begin PBXGroup section */
		A8C6DAC51D3F45930075C54E = {
			isa = PBXGroup;
			children = (
				A8C6DAD01D3F45930075C54E /* MBase */,
				A8C6DAE51D3F45930075C54E /* MBaseTests */,
				A8C6DAF01D3F45930075C54E /* MBaseUITests */,
				A8C6DACF1D3F45930075C54E /* Products */,
			);
			sourceTree = "<group>";
		};
		A8C6DACF1D3F45930075C54E /* Products */ = {
			isa = PBXGroup;
			children = (
				A8C6DACE1D3F45930075C54E /* MBase.app */,
				A8C6DAE21D3F45930075C54E /* MBaseTests.xctest */,
				A8C6DAED1D3F45930075C54E /* MBaseUITests.xctest */,
			);
			name = Products;
			sourceTree = "<group>";
		};
		A8C6DAD01D3F45930075C54E /* MBase */ = {
			isa = PBXGroup;
			children = (
				A8C6DAD11D3F45930075C54E /* AppDelegate.swift */,
				A8C6DAD31D3F45930075C54E /* ViewController.swift */,
				A8C6DAD81D3F45930075C54E /* Assets.xcassets */,
				A8C6DADA1D3F45930075C54E /* Main.storyboard */,
				A8C6DADD1D3F45930075C54E /* Info.plist */,
				A8C6DAD51D3F45930075C54E /* MBase.xcdatamodeld */,
			);
			path = MBase;
			sourceTree = "<group>";
		};
		A8C6DAE51D3F45930075C54E /* MBaseTests */ = {
			isa = PBXGroup;
			children = (
				A8C6DAE61D3F45930075C54E /* MBaseTests.swift */,
				A8C6DAE81D3F45930075C54E /* Info.plist */,
			);
			path = MBaseTests;
			sourceTree = "<group>";
		};
		A8C6DAF01D3F45930075C54E /* MBaseUITests */ = {
			isa = PBXGroup;
			children = (
				A8C6DAF11D3F45930075C54E /* MBaseUITests.swift */,
				A8C6DAF31D3F45930075C54E /* Info.plist */,
			);
			path = MBaseUITests;
			sourceTree = "<group>";
		};
/* End PBXGroup section */

/* Begin PBXNativeTarget section */
		A8C6DACD1D3F45930075C54E /* MBase */ = {
			isa = PBXNativeTarget;
			buildConfigurationList = A8C6DAF61D3F45930075C54E /* Build configuration list for PBXNativeTarget "MBase" */;
			buildPhases = (
				A8C6DACA1D3F45930075C54E /* Sources */,
				A8C6DACB1D3F45930075C54E /* Frameworks */,
				A8C6DACC1D3F45930075C54E /* Resources */,
			);
			buildRules = (
			);
			dependencies = (
			);
			name = MBase;
			productName = MBase;
			productReference = A8C6DACE1D3F45930075C54E /* MBase.app */;
			productType = "com.apple.product-type.application";
		};
		A8C6DAE11D3F45930075C54E /* MBaseTests */ = {
			isa = PBXNativeTarget;
			buildConfigurationList = A8C6DAF91D3F45930075C54E /* Build configuration list for PBXNativeTarget "MBaseTests" */;
			buildPhases = (
				A8C6DADE1D3F45930075C54E /* Sources */,
				A8C6DADF1D3F45930075C54E /* Frameworks */,
				A8C6DAE01D3F45930075C54E /* Resources */,
			);
			buildRules = (
			);
			dependencies = (
				A8C6DAE41D3F45930075C54E /* PBXTargetDependency */,
			);
			name = MBaseTests;
			productName = MBaseTests;
			productReference = A8C6DAE21D3F45930075C54E /* MBaseTests.xctest */;
			productType = "com.apple.product-type.bundle.unit-test";
		};
		A8C6DAEC1D3F45930075C54E /* MBaseUITests */ = {
			isa = PBXNativeTarget;
			buildConfigurationList = A8C6DAFC1D3F45930075C54E /* Build configuration list for PBXNativeTarget "MBaseUITests" */;
			buildPhases = (
				A8C6DAE91D3F45930075C54E /* Sources */,
				A8C6DAEA1D3F45930075C54E /* Frameworks */,
				A8C6DAEB1D3F45930075C54E /* Resources */,
			);
			buildRules = (
			);
			dependencies = (
				A8C6DAEF1D3F45930075C54E /* PBXTargetDependency */,
			);
			name = MBaseUITests;
			productName = MBaseUITests;
			productReference = A8C6DAED1D3F45930075C54E /* MBaseUITests.xctest */;
			productType = "com.apple.product-type.bundle.ui-testing";
		};
/* End PBXNativeTarget section */

/* Begin PBXProject section */
		A8C6DAC61D3F45930075C54E /* Project object */ = {
			isa = PBXProject;
			attributes = {
				LastSwiftUpdateCheck = 0730;
				LastUpgradeCheck = 0730;
				ORGANIZATIONNAME = popkidorc;
				TargetAttributes = {
					A8C6DACD1D3F45930075C54E = {
						CreatedOnToolsVersion = 7.3.1;
					};
					A8C6DAE11D3F45930075C54E = {
						CreatedOnToolsVersion = 7.3.1;
						TestTargetID = A8C6DACD1D3F45930075C54E;
					};
					A8C6DAEC1D3F45930075C54E = {
						CreatedOnToolsVersion = 7.3.1;
						TestTargetID = A8C6DACD1D3F45930075C54E;
					};
				};
			};
			buildConfigurationList = A8C6DAC91D3F45930075C54E /* Build configuration list for PBXProject "MBase" */;
			compatibilityVersion = "Xcode 3.2";
			developmentRegion = English;
			hasScannedForEncodings = 0;
			knownRegions = (
				en,
				Base,
			);
			mainGroup = A8C6DAC51D3F45930075C54E;
			productRefGroup = A8C6DACF1D3F45930075C54E /* Products */;
			projectDirPath = "";
			projectRoot = "";
			targets = (
				A8C6DACD1D3F45930075C54E /* MBase */,
				A8C6DAE11D3F45930075C54E /* MBaseTests */,
				A8C6DAEC1D3F45930075C54E /* MBaseUITests */,
			);
		};
/* End PBXProject section */

/* Begin PBXResourcesBuildPhase section */
		A8C6DACC1D3F45930075C54E /* Resources */ = {
			isa = PBXResourcesBuildPhase;
			buildActionMask = 2147483647;
			files = (
				A8C6DAD91D3F45930075C54E /* Assets.xcassets in Resources */,
				A8C6DADC1D3F45930075C54E /* Main.storyboard in Resources */,
			);
			runOnlyForDeploymentPostprocessing = 0;
		};
		A8C6DAE01D3F45930075C54E /* Resources */ = {
			isa = PBXResourcesBuildPhase;
			buildActionMask = 2147483647;
			files = (
			);
			runOnlyForDeploymentPostprocessing = 0;
		};
		A8C6DAEB1D3F45930075C54E /* Resources */ = {
			isa = PBXResourcesBuildPhase;
			buildActionMask = 2147483647;
			files = (
			);
			runOnlyForDeploymentPostprocessing = 0;
		};
/* End PBXResourcesBuildPhase section */

/* Begin PBXSourcesBuildPhase section */
		A8C6DACA1D3F45930075C54E /* Sources */ = {
			isa = PBXSourcesBuildPhase;
			buildActionMask = 2147483647;
			files = (
				A8C6DAD41D3F45930075C54E /* ViewController.swift in Sources */,
				A8C6DAD21D3F45930075C54E /* AppDelegate.swift in Sources */,
				A8C6DAD71D3F45930075C54E /* MBase.xcdatamodeld in Sources */,
			);
			runOnlyForDeploymentPostprocessing = 0;
		};
		A8C6DADE1D3F45930075C54E /* Sources */ = {
			isa = PBXSourcesBuildPhase;
			buildActionMask = 2147483647;
			files = (
				A8C6DAE71D3F45930075C54E /* MBaseTests.swift in Sources */,
			);
			runOnlyForDeploymentPostprocessing = 0;
		};
		A8C6DAE91D3F45930075C54E /* Sources */ = {
			isa = PBXSourcesBuildPhase;
			buildActionMask = 2147483647;
			files = (
				A8C6DAF21D3F45930075C54E /* MBaseUITests.swift in Sources */,
			);
			runOnlyForDeploymentPostprocessing = 0;
		};
/* End PBXSourcesBuildPhase section */

/* Begin PBXTargetDependency section */
		A8C6DAE41D3F45930075C54E /* PBXTargetDependency */ = {
			isa = PBXTargetDependency;
			target = A8C6DACD1D3F45930075C54E /* MBase */;
			targetProxy = A8C6DAE31D3F45930075C54E /* PBXContainerItemProxy */;
		};
		A8C6DAEF1D3F45930075C54E /* PBXTargetDependency */ = {
			isa = PBXTargetDependency;
			target = A8C6DACD1D3F45930075C54E /* MBase */;
			targetProxy = A8C6DAEE1D3F45930075C54E /* PBXContainerItemProxy */;
		};
/* End PBXTargetDependency section */

/* Begin PBXVariantGroup section */
		A8C6DADA1D3F45930075C54E /* Main.storyboard */ = {
			isa = PBXVariantGroup;
			children = (
				A8C6DADB1D3F45930075C54E /* Base */,
			);
			name = Main.storyboard;
			sourceTree = "<group>";
		};
/* End PBXVariantGroup section */

/* Begin XCBuildConfiguration section */
		A8C6DAF41D3F45930075C54E /* Debug */ = {
			isa = XCBuildConfiguration;
			buildSettings = {
				ALWAYS_SEARCH_USER_PATHS = NO;
				CLANG_ANALYZER_NONNULL = YES;
				CLANG_CXX_LANGUAGE_STANDARD = "gnu++0x";
				CLANG_CXX_LIBRARY = "libc++";
				CLANG_ENABLE_MODULES = YES;
				CLANG_ENABLE_OBJC_ARC = YES;
				CLANG_WARN_BOOL_CONVERSION = YES;
				CLANG_WARN_CONSTANT_CONVERSION = YES;
				CLANG_WARN_DIRECT_OBJC_ISA_USAGE = YES_ERROR;
				CLANG_WARN_EMPTY_BODY = YES;
				CLANG_WARN_ENUM_CONVERSION = YES;
				CLANG_WARN_INT_CONVERSION = YES;
				CLANG_WARN_OBJC_ROOT_CLASS = YES_ERROR;
				CLANG_WARN_UNREACHABLE_CODE = YES;
				CLANG_WARN__DUPLICATE_METHOD_MATCH = YES;
				CODE_SIGN_IDENTITY = "-";
				COPY_PHASE_STRIP = NO;
				DEBUG_INFORMATION_FORMAT = dwarf;
				ENABLE_STRICT_OBJC_MSGSEND = YES;
				ENABLE_TESTABILITY = YES;
				GCC_C_LANGUAGE_STANDARD = gnu99;
				GCC_DYNAMIC_NO_PIC = NO;
				GCC_NO_COMMON_BLOCKS = YES;
				GCC_OPTIMIZATION_LEVEL = 0;
				GCC_PREPROCESSOR_DEFINITIONS = (
					"DEBUG=1",
					"$(inherited)",
				);
				GCC_WARN_64_TO_32_BIT_CONVERSION = YES;
				GCC_WARN_ABOUT_RETURN_TYPE = YES_ERROR;
				GCC_WARN_UNDECLARED_SELECTOR = YES;
				GCC_WARN_UNINITIALIZED_AUTOS = YES_AGGRESSIVE;
				GCC_WARN_UNUSED_FUNCTION = YES;
				GCC_WARN_UNUSED_VARIABLE = YES;
				MACOSX_DEPLOYMENT_TARGET = 10.11;
				MTL_ENABLE_DEBUG_INFO = YES;
				ONLY_ACTIVE_ARCH = YES;
				SDKROOT = macosx;
				SWIFT_OPTIMIZATION_LEVEL = "-Onone";
			};
			name = Debug;
		};
		A8C6DAF51D3F45930075C54E /* Release */ = {
			isa = XCBuildConfiguration;
			buildSettings = {
				ALWAYS_SEARCH_USER_PATHS = NO;
				CLANG_ANALYZER_NONNULL = YES;
				CLANG_CXX_LANGUAGE_STANDARD = "gnu++0x";
				CLANG_CXX_LIBRARY = "libc++";
				CLANG_ENABLE_MODULES = YES;
				CLANG_ENABLE_OBJC_ARC = YES;
				CLANG_WARN_BOOL_CONVERSION = YES;
				CLANG_WARN_CONSTANT_CONVERSION = YES;
				CLANG_WARN_DIRECT_OBJC_ISA_USAGE = YES_ERROR;
				CLANG_WARN_EMPTY_BODY = YES;
				CLANG_WARN_ENUM_CONVERSION = YES;
				CLANG_WARN_INT_CONVERSION = YES;
				CLANG_WARN_OBJC_ROOT_CLASS = YES_ERROR;
				CLANG_WARN_UNREACHABLE_CODE = YES;
				CLANG_WARN__DUPLICATE_METHOD_MATCH = YES;
				CODE_SIGN_IDENTITY = "-";
				COPY_PHASE_STRIP = NO;
				DEBUG_INFORMATION_FORMAT = "dwarf-with-dsym";
				ENABLE_NS_ASSERTIONS = NO;
				ENABLE_STRICT_OBJC_MSGSEND = YES;
				GCC_C_LANGUAGE_STANDARD = gnu99;
				GCC_NO_COMMON_BLOCKS = YES;
				GCC_WARN_64_TO_32_BIT_CONVERSION = YES;
				GCC_WARN_ABOUT_RETURN_TYPE = YES_ERROR;
				GCC_WARN_UNDECLARED_SELECTOR = YES;
				GCC_WARN_UNINITIALIZED_AUTOS = YES_AGGRESSIVE;
				GCC_WARN_UNUSED_FUNCTION = YES;
				GCC_WARN_UNUSED_VARIABLE = YES;
				MACOSX_DEPLOYMENT_TARGET = 10.11;
				MTL_ENABLE_DEBUG_INFO = NO;
				SDKROOT = macosx;
			};
			name = Release;
		};
		A8C6DAF71D3F45930075C54E /* Debug */ = {
			isa = XCBuildConfiguration;
			buildSettings = {
				ASSETCATALOG_COMPILER_APPICON_NAME = AppIcon;
				COMBINE_HIDPI_IMAGES = YES;
				INFOPLIST_FILE = MBase/Info.plist;
				LD_RUNPATH_SEARCH_PATHS = "$(inherited) @executable_path/../Frameworks";
				PRODUCT_BUNDLE_IDENTIFIER = com.pop.MBase;
				PRODUCT_NAME = "$(TARGET_NAME)";
			};
			name = Debug;
		};
		A8C6DAF81D3F45930075C54E /* Release */ = {
			isa = XCBuildConfiguration;
			buildSettings = {
				ASSETCATALOG_COMPILER_APPICON_NAME = AppIcon;
				COMBINE_HIDPI_IMAGES = YES;
				INFOPLIST_FILE = MBase/Info.plist;
				LD_RUNPATH_SEARCH_PATHS = "$(inherited) @executable_path/../Frameworks";
				PRODUCT_BUNDLE_IDENTIFIER = com.pop.MBase;
				PRODUCT_NAME = "$(TARGET_NAME)";
			};
			name = Release;
		};
		A8C6DAFA1D3F45930075C54E /* Debug */ = {
			isa = XCBuildConfiguration;
			buildSettings = {
				BUNDLE_LOADER = "$(TEST_HOST)";
				COMBINE_HIDPI_IMAGES = YES;
				INFOPLIST_FILE = MBaseTests/Info.plist;
				LD_RUNPATH_SEARCH_PATHS = "$(inherited) @executable_path/../Frameworks @loader_path/../Frameworks";
				PRODUCT_BUNDLE_IDENTIFIER = com.pop.MBaseTests;
				PRODUCT_NAME = "$(TARGET_NAME)";
				TEST_HOST = "$(BUILT_PRODUCTS_DIR)/MBase.app/Contents/MacOS/MBase";
			};
			name = Debug;
		};
		A8C6DAFB1D3F45930075C54E /* Release */ = {
			isa = XCBuildConfiguration;
			buildSettings = {
				BUNDLE_LOADER = "$(TEST_HOST)";
				COMBINE_HIDPI_IMAGES = YES;
				INFOPLIST_FILE = MBaseTests/Info.plist;
				LD_RUNPATH_SEARCH_PATHS = "$(inherited) @executable_path/../Frameworks @loader_path/../Frameworks";
				PRODUCT_BUNDLE_IDENTIFIER = com.pop.MBaseTests;
				PRODUCT_NAME = "$(TARGET_NAME)";
				TEST_HOST = "$(BUILT_PRODUCTS_DIR)/MBase.app/Contents/MacOS/MBase";
			};
			name = Release;
		};
		A8C6DAFD1D3F45930075C54E /* Debug */ = {
			isa = XCBuildConfiguration;
			buildSettings = {
				COMBINE_HIDPI_IMAGES = YES;
				INFOPLIST_FILE = MBaseUITests/Info.plist;
				LD_RUNPATH_SEARCH_PATHS = "$(inherited) @executable_path/../Frameworks @loader_path/../Frameworks";
				PRODUCT_BUNDLE_IDENTIFIER = com.pop.MBaseUITests;
				PRODUCT_NAME = "$(TARGET_NAME)";
				TEST_TARGET_NAME = MBase;
			};
			name = Debug;
		};
		A8C6DAFE1D3F45930075C54E /* Release */ = {
			isa = XCBuildConfiguration;
			buildSettings = {
				COMBINE_HIDPI_IMAGES = YES;
				INFOPLIST_FILE = MBaseUITests/Info.plist;
				LD_RUNPATH_SEARCH_PATHS = "$(inherited) @executable_path/../Frameworks @loader_path/../Frameworks";
				PRODUCT_BUNDLE_IDENTIFIER = com.pop.MBaseUITests;
				PRODUCT_NAME = "$(TARGET_NAME)";
				TEST_TARGET_NAME = MBase;
			};
			name = Release;
		};
/* End XCBuildConfiguration section */

/* Begin XCConfigurationList section */
		A8C6DAC91D3F45930075C54E /* Build configuration list for PBXProject "MBase" */ = {
			isa = XCConfigurationList;
			buildConfigurations = (
				A8C6DAF41D3F45930075C54E /* Debug */,
				A8C6DAF51D3F45930075C54E /* Release */,
			);
			defaultConfigurationIsVisible = 0;
			defaultConfigurationName = Release;
		};
		A8C6DAF61D3F45930075C54E /* Build configuration list for PBXNativeTarget "MBase" */ = {
			isa = XCConfigurationList;
			buildConfigurations = (
				A8C6DAF71D3F45930075C54E /* Debug */,
				A8C6DAF81D3F45930075C54E /* Release */,
			);
			defaultConfigurationIsVisible = 0;
		};
		A8C6DAF91D3F45930075C54E /* Build configuration list for PBXNativeTarget "MBaseTests" */ = {
			isa = XCConfigurationList;
			buildConfigurations = (
				A8C6DAFA1D3F45930075C54E /* Debug */,
				A8C6DAFB1D3F45930075C54E /* Release */,
			);
			defaultConfigurationIsVisible = 0;
		};
		A8C6DAFC1D3F45930075C54E /* Build configuration list for PBXNativeTarget "MBaseUITests" */ = {
			isa = XCConfigurationList;
			buildConfigurations = (
				A8C6DAFD1D3F45930075C54E /* Debug */,
				A8C6DAFE1D3F45930075C54E /* Release */,
			);
			defaultConfigurationIsVisible = 0;
		};
/* End XCConfigurationList section */

/* Begin XCVersionGroup section */
		A8C6DAD51D3F45930075C54E /* MBase.xcdatamodeld */ = {
			isa = XCVersionGroup;
			children = (
				A8C6DAD61D3F45930075C54E /* MBase.xcdatamodel */,
			);
			currentVersion = A8C6DAD61D3F45930075C54E /* MBase.xcdatamodel */;
			path = MBase.xcdatamodeld;
			sourceTree = "<group>";
			versionGroupType = wrapper.xcdatamodel;
		};
/* End XCVersionGroup section */
	};
	rootObject = A8C6DAC61D3F45930075C54E /* Project object */;
}
