// !$*UTF8*$!
{
	archiveVersion = 1;
	classes = {
	};
	objectVersion = 46;
	objects = {

/* Begin PBXBuildFile section */
		A8060A051D61E428009B53D5 /* MarkdownHtmlTag4code2.swift in Sources */ = {isa = PBXBuildFile; fileRef = A8060A041D61E428009B53D5 /* MarkdownHtmlTag4code2.swift */; };
		A8103D821D582C1E0085ECA2 /* UserInfo+CoreDataProperties.swift in Sources */ = {isa = PBXBuildFile; fileRef = A8103D801D582C1E0085ECA2 /* UserInfo+CoreDataProperties.swift */; };
		A8103D831D582C1E0085ECA2 /* UserInfo.swift in Sources */ = {isa = PBXBuildFile; fileRef = A8103D811D582C1E0085ECA2 /* UserInfo.swift */; };
		A82AD75B1D43B1E100F457B6 /* DocTreeInfoViewController.swift in Sources */ = {isa = PBXBuildFile; fileRef = A82AD7591D43B1E100F457B6 /* DocTreeInfoViewController.swift */; };
		A82AD75C1D43B1E100F457B6 /* DocTreeInfoViewController.xib in Resources */ = {isa = PBXBuildFile; fileRef = A82AD75A1D43B1E100F457B6 /* DocTreeInfoViewController.xib */; };
		A82AD75E1D43BE5100F457B6 /* DocTreeInfoViewController+Delegate.swift in Sources */ = {isa = PBXBuildFile; fileRef = A82AD75D1D43BE5100F457B6 /* DocTreeInfoViewController+Delegate.swift */; };
		A82AD7601D43BFF600F457B6 /* DocTreeInfoViewController+IBAction.swift in Sources */ = {isa = PBXBuildFile; fileRef = A82AD75F1D43BFF600F457B6 /* DocTreeInfoViewController+IBAction.swift */; };
		A82AD7A51D4478F400F457B6 /* MBase.xcdatamodeld in Sources */ = {isa = PBXBuildFile; fileRef = A82AD7A31D4478F400F457B6 /* MBase.xcdatamodeld */; };
		A836305B1D5C1FE100323812 /* default.css in Resources */ = {isa = PBXBuildFile; fileRef = A836305A1D5C1FE100323812 /* default.css */; };
		A836305F1D5C9AC700323812 /* MarkdownHtmlTag.swift in Sources */ = {isa = PBXBuildFile; fileRef = A836305E1D5C9AC700323812 /* MarkdownHtmlTag.swift */; };
		A83630611D5C9D3800323812 /* MarkdownHtmlTag4h1.swift in Sources */ = {isa = PBXBuildFile; fileRef = A83630601D5C9D3800323812 /* MarkdownHtmlTag4h1.swift */; };
		A83630631D5CA06000323812 /* MarkdownHtmlTag4h2.swift in Sources */ = {isa = PBXBuildFile; fileRef = A83630621D5CA06000323812 /* MarkdownHtmlTag4h2.swift */; };
		A84C93E71D5DAD71004CFCD2 /* MarkdownHtmlTag4h3.swift in Sources */ = {isa = PBXBuildFile; fileRef = A84C93E61D5DAD71004CFCD2 /* MarkdownHtmlTag4h3.swift */; };
		A84C93E91D5DAD88004CFCD2 /* MarkdownHtmlTag4h4.swift in Sources */ = {isa = PBXBuildFile; fileRef = A84C93E81D5DAD88004CFCD2 /* MarkdownHtmlTag4h4.swift */; };
		A84C93EB1D5DAD99004CFCD2 /* MarkdownHtmlTag4h5.swift in Sources */ = {isa = PBXBuildFile; fileRef = A84C93EA1D5DAD99004CFCD2 /* MarkdownHtmlTag4h5.swift */; };
		A84C93ED1D5DADA2004CFCD2 /* MarkdownHtmlTag4h6.swift in Sources */ = {isa = PBXBuildFile; fileRef = A84C93EC1D5DADA2004CFCD2 /* MarkdownHtmlTag4h6.swift */; };
		A84C93EF1D5DAF26004CFCD2 /* MarkdownHtmlTag4br.swift in Sources */ = {isa = PBXBuildFile; fileRef = A84C93EE1D5DAF26004CFCD2 /* MarkdownHtmlTag4br.swift */; };
		A84C93F11D5DB5E8004CFCD2 /* MarkdownHtmlTag4strong.swift in Sources */ = {isa = PBXBuildFile; fileRef = A84C93F01D5DB5E8004CFCD2 /* MarkdownHtmlTag4strong.swift */; };
		A84C93F31D5DB7EB004CFCD2 /* MarkdownHtmlTag4em.swift in Sources */ = {isa = PBXBuildFile; fileRef = A84C93F21D5DB7EB004CFCD2 /* MarkdownHtmlTag4em.swift */; };
		A84C93F51D5DBC1F004CFCD2 /* MarkdownHtmlTag4p.swift in Sources */ = {isa = PBXBuildFile; fileRef = A84C93F41D5DBC1F004CFCD2 /* MarkdownHtmlTag4p.swift */; };
		A85462DD1D5ECED2002007D9 /* MarkdownHtmlTag4code1.swift in Sources */ = {isa = PBXBuildFile; fileRef = A85462DC1D5ECED2002007D9 /* MarkdownHtmlTag4code1.swift */; };
		A85462E01D5ED5DF002007D9 /* MarkdownEditFactory.swift in Sources */ = {isa = PBXBuildFile; fileRef = A85462DF1D5ED5DF002007D9 /* MarkdownEditFactory.swift */; };
		A85462E21D5ED822002007D9 /* MarkdownHtmlTag4hr.swift in Sources */ = {isa = PBXBuildFile; fileRef = A85462E11D5ED822002007D9 /* MarkdownHtmlTag4hr.swift */; };
		A85462E41D5EDAFB002007D9 /* MarkdownHtmlTag4a1.swift in Sources */ = {isa = PBXBuildFile; fileRef = A85462E31D5EDAFB002007D9 /* MarkdownHtmlTag4a1.swift */; };
		A85462E61D5EE464002007D9 /* MarkdownHtmlTag4url.swift in Sources */ = {isa = PBXBuildFile; fileRef = A85462E51D5EE464002007D9 /* MarkdownHtmlTag4url.swift */; };
		A85462E81D5EE46F002007D9 /* MarkdownHtmlTag4a2.swift in Sources */ = {isa = PBXBuildFile; fileRef = A85462E71D5EE46F002007D9 /* MarkdownHtmlTag4a2.swift */; };
		A85462EA1D5EE47A002007D9 /* MarkdownHtmlTag4u.swift in Sources */ = {isa = PBXBuildFile; fileRef = A85462E91D5EE47A002007D9 /* MarkdownHtmlTag4u.swift */; };
		A85462EC1D5F113B002007D9 /* MarkdownHtmlTag4img1.swift in Sources */ = {isa = PBXBuildFile; fileRef = A85462EB1D5F113B002007D9 /* MarkdownHtmlTag4img1.swift */; };
		A85462EE1D5F1144002007D9 /* MarkdownHtmlTag4img2.swift in Sources */ = {isa = PBXBuildFile; fileRef = A85462ED1D5F1144002007D9 /* MarkdownHtmlTag4img2.swift */; };
		A860F5D81D588D34002BD753 /* DocEditTextStorage.swift in Sources */ = {isa = PBXBuildFile; fileRef = A860F5D71D588D34002BD753 /* DocEditTextStorage.swift */; };
		A86220AF1D406FA000BAC828 /* AppDelegate.swift in Sources */ = {isa = PBXBuildFile; fileRef = A86220AE1D406FA000BAC828 /* AppDelegate.swift */; };
		A86220B11D406FA000BAC828 /* Assets.xcassets in Resources */ = {isa = PBXBuildFile; fileRef = A86220B01D406FA000BAC828 /* Assets.xcassets */; };
		A86220B41D406FA000BAC828 /* MainMenu.xib in Resources */ = {isa = PBXBuildFile; fileRef = A86220B21D406FA000BAC828 /* MainMenu.xib */; };
		A86220C11D4070C800BAC828 /* DocumentViewController.swift in Sources */ = {isa = PBXBuildFile; fileRef = A86220BF1D4070C800BAC828 /* DocumentViewController.swift */; };
		A86220C21D4070C800BAC828 /* DocumentViewController.xib in Resources */ = {isa = PBXBuildFile; fileRef = A86220C01D4070C800BAC828 /* DocumentViewController.xib */; };
		A86220C51D40733200BAC828 /* ScaryBugData.swift in Sources */ = {isa = PBXBuildFile; fileRef = A86220C41D40733200BAC828 /* ScaryBugData.swift */; };
		A86220C71D40737400BAC828 /* ScaryBugDoc.swift in Sources */ = {isa = PBXBuildFile; fileRef = A86220C61D40737400BAC828 /* ScaryBugDoc.swift */; };
		A86220CE1D4079D500BAC828 /* NSImage+Extras.m in Sources */ = {isa = PBXBuildFile; fileRef = A86220CB1D4079D500BAC828 /* NSImage+Extras.m */; };
		A86220CF1D4079D500BAC828 /* EDStarRating.m in Sources */ = {isa = PBXBuildFile; fileRef = A86220CD1D4079D500BAC828 /* EDStarRating.m */; };
		A89099731D59B57C00E25D8E /* consts.plist in Resources */ = {isa = PBXBuildFile; fileRef = A89099721D59B57C00E25D8E /* consts.plist */; };
		A89099771D59B80900E25D8E /* ConstsManager.swift in Sources */ = {isa = PBXBuildFile; fileRef = A89099761D59B80900E25D8E /* ConstsManager.swift */; };
		A890997C1D59CB5300E25D8E /* MarkdownManager.swift in Sources */ = {isa = PBXBuildFile; fileRef = A890997B1D59CB5300E25D8E /* MarkdownManager.swift */; };
		A89099801D59DBCE00E25D8E /* markdownHelp.strings in Resources */ = {isa = PBXBuildFile; fileRef = A890997F1D59DBCE00E25D8E /* markdownHelp.strings */; };
		A89099841D59EA4400E25D8E /* DocMainViewController+Delegate.swift in Sources */ = {isa = PBXBuildFile; fileRef = A89099831D59EA4400E25D8E /* DocMainViewController+Delegate.swift */; };
		A890F7001D40D49E003FF760 /* MainWindowController.swift in Sources */ = {isa = PBXBuildFile; fileRef = A890F6FE1D40D49E003FF760 /* MainWindowController.swift */; };
		A890F7011D40D49E003FF760 /* MainWindowController.xib in Resources */ = {isa = PBXBuildFile; fileRef = A890F6FF1D40D49E003FF760 /* MainWindowController.xib */; };
		A8914B801D42318000A31073 /* DocTreeViewController+MenuIBAction.swift in Sources */ = {isa = PBXBuildFile; fileRef = A8914B7F1D42318000A31073 /* DocTreeViewController+MenuIBAction.swift */; };
		A8914B821D4231E600A31073 /* DocTreeViewController+DataSource.swift in Sources */ = {isa = PBXBuildFile; fileRef = A8914B811D4231E600A31073 /* DocTreeViewController+DataSource.swift */; };
		A8914B841D424BF500A31073 /* DocTreeViewController+Delegate.swift in Sources */ = {isa = PBXBuildFile; fileRef = A8914B831D424BF500A31073 /* DocTreeViewController+Delegate.swift */; };
		A8ACDFAB1D5D697D0082C152 /* MarkdownHtmlTagFactory.swift in Sources */ = {isa = PBXBuildFile; fileRef = A8ACDFAA1D5D697D0082C152 /* MarkdownHtmlTagFactory.swift */; };
		A8B725B71D52E8D3008C96DF /* Hoedown.framework in Frameworks */ = {isa = PBXBuildFile; fileRef = A8F60CEC1D52034B009768B6 /* Hoedown.framework */; };
		A8C692931D57609A00C5D145 /* DocEditTextView.swift in Sources */ = {isa = PBXBuildFile; fileRef = A8C692921D57609A00C5D145 /* DocEditTextView.swift */; };
		A8C692951D57642B00C5D145 /* DocEditViewController+Delegate.swift in Sources */ = {isa = PBXBuildFile; fileRef = A8C692941D57642B00C5D145 /* DocEditViewController+Delegate.swift */; };
		A8CB64E21D41BDBB00E69BBE /* DocumentViewController+IBAction.swift in Sources */ = {isa = PBXBuildFile; fileRef = A8CB64E11D41BDBB00E69BBE /* DocumentViewController+IBAction.swift */; };
		A8CB64E61D41C0BE00E69BBE /* AppDelegate+IBAction.swift in Sources */ = {isa = PBXBuildFile; fileRef = A8CB64E51D41C0BE00E69BBE /* AppDelegate+IBAction.swift */; };
		A8CB64F91D41F62400E69BBE /* MainSplitViewController.swift in Sources */ = {isa = PBXBuildFile; fileRef = A8CB64F71D41F62400E69BBE /* MainSplitViewController.swift */; };
		A8CB64FA1D41F62400E69BBE /* MainSplitViewController.xib in Resources */ = {isa = PBXBuildFile; fileRef = A8CB64F81D41F62400E69BBE /* MainSplitViewController.xib */; };
		A8CB64FD1D41F69900E69BBE /* DocTreeViewController.swift in Sources */ = {isa = PBXBuildFile; fileRef = A8CB64FB1D41F69900E69BBE /* DocTreeViewController.swift */; };
		A8CB64FE1D41F69900E69BBE /* DocTreeViewController.xib in Resources */ = {isa = PBXBuildFile; fileRef = A8CB64FC1D41F69900E69BBE /* DocTreeViewController.xib */; };
		A8CB65011D41F89700E69BBE /* DocMainViewController.swift in Sources */ = {isa = PBXBuildFile; fileRef = A8CB64FF1D41F89700E69BBE /* DocMainViewController.swift */; };
		A8CB65021D41F89700E69BBE /* DocMainViewController.xib in Resources */ = {isa = PBXBuildFile; fileRef = A8CB65001D41F89700E69BBE /* DocMainViewController.xib */; };
		A8F60CEE1D52034B009768B6 /* Hoedown.framework in Embed Frameworks */ = {isa = PBXBuildFile; fileRef = A8F60CEC1D52034B009768B6 /* Hoedown.framework */; settings = {ATTRIBUTES = (CodeSignOnCopy, RemoveHeadersOnCopy, ); }; };
		A8F60CF21D520391009768B6 /* Hoedown.swift in Sources */ = {isa = PBXBuildFile; fileRef = A8F60CF11D520391009768B6 /* Hoedown.swift */; };
		A8F60D081D520EA2009768B6 /* DocEditViewController.swift in Sources */ = {isa = PBXBuildFile; fileRef = A8F60D061D520EA2009768B6 /* DocEditViewController.swift */; };
		A8F60D091D520EA2009768B6 /* DocEditViewController.xib in Resources */ = {isa = PBXBuildFile; fileRef = A8F60D071D520EA2009768B6 /* DocEditViewController.xib */; };
		A8FAD6991D6182F800D8B45F /* lang-apollo.js in Resources */ = {isa = PBXBuildFile; fileRef = A8FAD67A1D6182F800D8B45F /* lang-apollo.js */; };
		A8FAD69A1D6182F800D8B45F /* lang-basic.js in Resources */ = {isa = PBXBuildFile; fileRef = A8FAD67B1D6182F800D8B45F /* lang-basic.js */; };
		A8FAD69B1D6182F800D8B45F /* lang-clj.js in Resources */ = {isa = PBXBuildFile; fileRef = A8FAD67C1D6182F800D8B45F /* lang-clj.js */; };
		A8FAD69C1D6182F800D8B45F /* lang-css.js in Resources */ = {isa = PBXBuildFile; fileRef = A8FAD67D1D6182F800D8B45F /* lang-css.js */; };
		A8FAD69D1D6182F800D8B45F /* lang-dart.js in Resources */ = {isa = PBXBuildFile; fileRef = A8FAD67E1D6182F800D8B45F /* lang-dart.js */; };
		A8FAD69E1D6182F800D8B45F /* lang-erlang.js in Resources */ = {isa = PBXBuildFile; fileRef = A8FAD67F1D6182F800D8B45F /* lang-erlang.js */; };
		A8FAD69F1D6182F800D8B45F /* lang-go.js in Resources */ = {isa = PBXBuildFile; fileRef = A8FAD6801D6182F800D8B45F /* lang-go.js */; };
		A8FAD6A01D6182F800D8B45F /* lang-hs.js in Resources */ = {isa = PBXBuildFile; fileRef = A8FAD6811D6182F800D8B45F /* lang-hs.js */; };
		A8FAD6A11D6182F800D8B45F /* lang-lisp.js in Resources */ = {isa = PBXBuildFile; fileRef = A8FAD6821D6182F800D8B45F /* lang-lisp.js */; };
		A8FAD6A21D6182F800D8B45F /* lang-llvm.js in Resources */ = {isa = PBXBuildFile; fileRef = A8FAD6831D6182F800D8B45F /* lang-llvm.js */; };
		A8FAD6A31D6182F800D8B45F /* lang-lua.js in Resources */ = {isa = PBXBuildFile; fileRef = A8FAD6841D6182F800D8B45F /* lang-lua.js */; };
		A8FAD6A41D6182F800D8B45F /* lang-matlab.js in Resources */ = {isa = PBXBuildFile; fileRef = A8FAD6851D6182F800D8B45F /* lang-matlab.js */; };
		A8FAD6A51D6182F800D8B45F /* lang-ml.js in Resources */ = {isa = PBXBuildFile; fileRef = A8FAD6861D6182F800D8B45F /* lang-ml.js */; };
		A8FAD6A61D6182F800D8B45F /* lang-mumps.js in Resources */ = {isa = PBXBuildFile; fileRef = A8FAD6871D6182F800D8B45F /* lang-mumps.js */; };
		A8FAD6A71D6182F800D8B45F /* lang-n.js in Resources */ = {isa = PBXBuildFile; fileRef = A8FAD6881D6182F800D8B45F /* lang-n.js */; };
		A8FAD6A81D6182F800D8B45F /* lang-pascal.js in Resources */ = {isa = PBXBuildFile; fileRef = A8FAD6891D6182F800D8B45F /* lang-pascal.js */; };
		A8FAD6A91D6182F800D8B45F /* lang-proto.js in Resources */ = {isa = PBXBuildFile; fileRef = A8FAD68A1D6182F800D8B45F /* lang-proto.js */; };
		A8FAD6AA1D6182F800D8B45F /* lang-r.js in Resources */ = {isa = PBXBuildFile; fileRef = A8FAD68B1D6182F800D8B45F /* lang-r.js */; };
		A8FAD6AB1D6182F800D8B45F /* lang-rd.js in Resources */ = {isa = PBXBuildFile; fileRef = A8FAD68C1D6182F800D8B45F /* lang-rd.js */; };
		A8FAD6AC1D6182F800D8B45F /* lang-scala.js in Resources */ = {isa = PBXBuildFile; fileRef = A8FAD68D1D6182F800D8B45F /* lang-scala.js */; };
		A8FAD6AD1D6182F800D8B45F /* lang-sql.js in Resources */ = {isa = PBXBuildFile; fileRef = A8FAD68E1D6182F800D8B45F /* lang-sql.js */; };
		A8FAD6AE1D6182F800D8B45F /* lang-tcl.js in Resources */ = {isa = PBXBuildFile; fileRef = A8FAD68F1D6182F800D8B45F /* lang-tcl.js */; };
		A8FAD6AF1D6182F800D8B45F /* lang-tex.js in Resources */ = {isa = PBXBuildFile; fileRef = A8FAD6901D6182F800D8B45F /* lang-tex.js */; };
		A8FAD6B01D6182F800D8B45F /* lang-vb.js in Resources */ = {isa = PBXBuildFile; fileRef = A8FAD6911D6182F800D8B45F /* lang-vb.js */; };
		A8FAD6B11D6182F800D8B45F /* lang-vhdl.js in Resources */ = {isa = PBXBuildFile; fileRef = A8FAD6921D6182F800D8B45F /* lang-vhdl.js */; };
		A8FAD6B21D6182F800D8B45F /* lang-wiki.js in Resources */ = {isa = PBXBuildFile; fileRef = A8FAD6931D6182F800D8B45F /* lang-wiki.js */; };
		A8FAD6B31D6182F800D8B45F /* lang-xq.js in Resources */ = {isa = PBXBuildFile; fileRef = A8FAD6941D6182F800D8B45F /* lang-xq.js */; };
		A8FAD6B41D6182F800D8B45F /* lang-yaml.js in Resources */ = {isa = PBXBuildFile; fileRef = A8FAD6951D6182F800D8B45F /* lang-yaml.js */; };
		A8FAD6B51D6182F800D8B45F /* prettify.css in Resources */ = {isa = PBXBuildFile; fileRef = A8FAD6961D6182F800D8B45F /* prettify.css */; };
		A8FAD6B61D6182F800D8B45F /* prettify.js in Resources */ = {isa = PBXBuildFile; fileRef = A8FAD6971D6182F800D8B45F /* prettify.js */; };
		A8FAD6B71D6182F800D8B45F /* run_prettify.js in Resources */ = {isa = PBXBuildFile; fileRef = A8FAD6981D6182F800D8B45F /* run_prettify.js */; };
		A8FFBE3F1D5479C1004EC5C4 /* TreeBack.swift in Sources */ = {isa = PBXBuildFile; fileRef = A8FFBE3E1D5479C1004EC5C4 /* TreeBack.swift */; };
		A8FFBE541D549903004EC5C4 /* DocMain+CoreDataProperties.swift in Sources */ = {isa = PBXBuildFile; fileRef = A8FFBE501D549902004EC5C4 /* DocMain+CoreDataProperties.swift */; };
		A8FFBE551D549903004EC5C4 /* DocMain.swift in Sources */ = {isa = PBXBuildFile; fileRef = A8FFBE511D549902004EC5C4 /* DocMain.swift */; };
		A8FFBE561D549903004EC5C4 /* DocTree+CoreDataProperties.swift in Sources */ = {isa = PBXBuildFile; fileRef = A8FFBE521D549902004EC5C4 /* DocTree+CoreDataProperties.swift */; };
		A8FFBE571D549903004EC5C4 /* DocTree.swift in Sources */ = {isa = PBXBuildFile; fileRef = A8FFBE531D549903004EC5C4 /* DocTree.swift */; };
		A8FFBE591D5499B8004EC5C4 /* DocTreeInfoData.swift in Sources */ = {isa = PBXBuildFile; fileRef = A8FFBE581D5499B8004EC5C4 /* DocTreeInfoData.swift */; };
/* End PBXBuildFile section */

/* Begin PBXCopyFilesBuildPhase section */
		A8F60CEF1D52034B009768B6 /* Embed Frameworks */ = {
			isa = PBXCopyFilesBuildPhase;
			buildActionMask = 2147483647;
			dstPath = "";
			dstSubfolderSpec = 10;
			files = (
				A8F60CEE1D52034B009768B6 /* Hoedown.framework in Embed Frameworks */,
			);
			name = "Embed Frameworks";
			runOnlyForDeploymentPostprocessing = 0;
		};
/* End PBXCopyFilesBuildPhase section */

/* Begin PBXFileReference section */
		A8060A041D61E428009B53D5 /* MarkdownHtmlTag4code2.swift */ = {isa = PBXFileReference; fileEncoding = 4; lastKnownFileType = sourcecode.swift; path = MarkdownHtmlTag4code2.swift; sourceTree = "<group>"; };
		A8103D801D582C1E0085ECA2 /* UserInfo+CoreDataProperties.swift */ = {isa = PBXFileReference; fileEncoding = 4; lastKnownFileType = sourcecode.swift; name = "UserInfo+CoreDataProperties.swift"; path = "../UserInfo+CoreDataProperties.swift"; sourceTree = "<group>"; };
		A8103D811D582C1E0085ECA2 /* UserInfo.swift */ = {isa = PBXFileReference; fileEncoding = 4; lastKnownFileType = sourcecode.swift; name = UserInfo.swift; path = ../UserInfo.swift; sourceTree = "<group>"; };
		A82AD7591D43B1E100F457B6 /* DocTreeInfoViewController.swift */ = {isa = PBXFileReference; fileEncoding = 4; lastKnownFileType = sourcecode.swift; path = DocTreeInfoViewController.swift; sourceTree = "<group>"; };
		A82AD75A1D43B1E100F457B6 /* DocTreeInfoViewController.xib */ = {isa = PBXFileReference; fileEncoding = 4; lastKnownFileType = file.xib; path = DocTreeInfoViewController.xib; sourceTree = "<group>"; };
		A82AD75D1D43BE5100F457B6 /* DocTreeInfoViewController+Delegate.swift */ = {isa = PBXFileReference; fileEncoding = 4; lastKnownFileType = sourcecode.swift; path = "DocTreeInfoViewController+Delegate.swift"; sourceTree = "<group>"; };
		A82AD75F1D43BFF600F457B6 /* DocTreeInfoViewController+IBAction.swift */ = {isa = PBXFileReference; fileEncoding = 4; lastKnownFileType = sourcecode.swift; path = "DocTreeInfoViewController+IBAction.swift"; sourceTree = "<group>"; };
		A82AD7641D4453E100F457B6 /* zh-Hans */ = {isa = PBXFileReference; lastKnownFileType = text.plist.strings; name = "zh-Hans"; path = "zh-Hans.lproj/MainMenu.strings"; sourceTree = "<group>"; };
		A82AD7A41D4478F400F457B6 /* MBase.xcdatamodel */ = {isa = PBXFileReference; lastKnownFileType = wrapper.xcdatamodel; path = MBase.xcdatamodel; sourceTree = "<group>"; };
		A836305A1D5C1FE100323812 /* default.css */ = {isa = PBXFileReference; fileEncoding = 4; lastKnownFileType = text.css; path = default.css; sourceTree = "<group>"; };
		A836305E1D5C9AC700323812 /* MarkdownHtmlTag.swift */ = {isa = PBXFileReference; fileEncoding = 4; lastKnownFileType = sourcecode.swift; path = MarkdownHtmlTag.swift; sourceTree = "<group>"; };
		A83630601D5C9D3800323812 /* MarkdownHtmlTag4h1.swift */ = {isa = PBXFileReference; fileEncoding = 4; lastKnownFileType = sourcecode.swift; path = MarkdownHtmlTag4h1.swift; sourceTree = "<group>"; };
		A83630621D5CA06000323812 /* MarkdownHtmlTag4h2.swift */ = {isa = PBXFileReference; fileEncoding = 4; lastKnownFileType = sourcecode.swift; path = MarkdownHtmlTag4h2.swift; sourceTree = "<group>"; };
		A84C93E61D5DAD71004CFCD2 /* MarkdownHtmlTag4h3.swift */ = {isa = PBXFileReference; fileEncoding = 4; lastKnownFileType = sourcecode.swift; path = MarkdownHtmlTag4h3.swift; sourceTree = "<group>"; };
		A84C93E81D5DAD88004CFCD2 /* MarkdownHtmlTag4h4.swift */ = {isa = PBXFileReference; fileEncoding = 4; lastKnownFileType = sourcecode.swift; path = MarkdownHtmlTag4h4.swift; sourceTree = "<group>"; };
		A84C93EA1D5DAD99004CFCD2 /* MarkdownHtmlTag4h5.swift */ = {isa = PBXFileReference; fileEncoding = 4; lastKnownFileType = sourcecode.swift; path = MarkdownHtmlTag4h5.swift; sourceTree = "<group>"; };
		A84C93EC1D5DADA2004CFCD2 /* MarkdownHtmlTag4h6.swift */ = {isa = PBXFileReference; fileEncoding = 4; lastKnownFileType = sourcecode.swift; path = MarkdownHtmlTag4h6.swift; sourceTree = "<group>"; };
		A84C93EE1D5DAF26004CFCD2 /* MarkdownHtmlTag4br.swift */ = {isa = PBXFileReference; fileEncoding = 4; lastKnownFileType = sourcecode.swift; path = MarkdownHtmlTag4br.swift; sourceTree = "<group>"; };
		A84C93F01D5DB5E8004CFCD2 /* MarkdownHtmlTag4strong.swift */ = {isa = PBXFileReference; fileEncoding = 4; lastKnownFileType = sourcecode.swift; path = MarkdownHtmlTag4strong.swift; sourceTree = "<group>"; };
		A84C93F21D5DB7EB004CFCD2 /* MarkdownHtmlTag4em.swift */ = {isa = PBXFileReference; fileEncoding = 4; lastKnownFileType = sourcecode.swift; path = MarkdownHtmlTag4em.swift; sourceTree = "<group>"; };
		A84C93F41D5DBC1F004CFCD2 /* MarkdownHtmlTag4p.swift */ = {isa = PBXFileReference; fileEncoding = 4; lastKnownFileType = sourcecode.swift; path = MarkdownHtmlTag4p.swift; sourceTree = "<group>"; };
		A85462DC1D5ECED2002007D9 /* MarkdownHtmlTag4code1.swift */ = {isa = PBXFileReference; fileEncoding = 4; lastKnownFileType = sourcecode.swift; path = MarkdownHtmlTag4code1.swift; sourceTree = "<group>"; };
		A85462DF1D5ED5DF002007D9 /* MarkdownEditFactory.swift */ = {isa = PBXFileReference; fileEncoding = 4; lastKnownFileType = sourcecode.swift; path = MarkdownEditFactory.swift; sourceTree = "<group>"; };
		A85462E11D5ED822002007D9 /* MarkdownHtmlTag4hr.swift */ = {isa = PBXFileReference; fileEncoding = 4; lastKnownFileType = sourcecode.swift; path = MarkdownHtmlTag4hr.swift; sourceTree = "<group>"; };
		A85462E31D5EDAFB002007D9 /* MarkdownHtmlTag4a1.swift */ = {isa = PBXFileReference; fileEncoding = 4; lastKnownFileType = sourcecode.swift; path = MarkdownHtmlTag4a1.swift; sourceTree = "<group>"; };
		A85462E51D5EE464002007D9 /* MarkdownHtmlTag4url.swift */ = {isa = PBXFileReference; fileEncoding = 4; lastKnownFileType = sourcecode.swift; path = MarkdownHtmlTag4url.swift; sourceTree = "<group>"; };
		A85462E71D5EE46F002007D9 /* MarkdownHtmlTag4a2.swift */ = {isa = PBXFileReference; fileEncoding = 4; lastKnownFileType = sourcecode.swift; path = MarkdownHtmlTag4a2.swift; sourceTree = "<group>"; };
		A85462E91D5EE47A002007D9 /* MarkdownHtmlTag4u.swift */ = {isa = PBXFileReference; fileEncoding = 4; lastKnownFileType = sourcecode.swift; path = MarkdownHtmlTag4u.swift; sourceTree = "<group>"; };
		A85462EB1D5F113B002007D9 /* MarkdownHtmlTag4img1.swift */ = {isa = PBXFileReference; fileEncoding = 4; lastKnownFileType = sourcecode.swift; path = MarkdownHtmlTag4img1.swift; sourceTree = "<group>"; };
		A85462ED1D5F1144002007D9 /* MarkdownHtmlTag4img2.swift */ = {isa = PBXFileReference; fileEncoding = 4; lastKnownFileType = sourcecode.swift; path = MarkdownHtmlTag4img2.swift; sourceTree = "<group>"; };
		A860F5D71D588D34002BD753 /* DocEditTextStorage.swift */ = {isa = PBXFileReference; fileEncoding = 4; lastKnownFileType = sourcecode.swift; path = DocEditTextStorage.swift; sourceTree = "<group>"; };
		A86220AB1D406FA000BAC828 /* MBase.app */ = {isa = PBXFileReference; explicitFileType = wrapper.application; includeInIndex = 0; path = MBase.app; sourceTree = BUILT_PRODUCTS_DIR; };
		A86220AE1D406FA000BAC828 /* AppDelegate.swift */ = {isa = PBXFileReference; lastKnownFileType = sourcecode.swift; path = AppDelegate.swift; sourceTree = "<group>"; };
		A86220B01D406FA000BAC828 /* Assets.xcassets */ = {isa = PBXFileReference; lastKnownFileType = folder.assetcatalog; path = Assets.xcassets; sourceTree = "<group>"; };
		A86220B31D406FA000BAC828 /* Base */ = {isa = PBXFileReference; lastKnownFileType = file.xib; name = Base; path = Base.lproj/MainMenu.xib; sourceTree = "<group>"; };
		A86220B51D406FA000BAC828 /* Info.plist */ = {isa = PBXFileReference; lastKnownFileType = text.plist.xml; path = Info.plist; sourceTree = "<group>"; };
		A86220BF1D4070C800BAC828 /* DocumentViewController.swift */ = {isa = PBXFileReference; fileEncoding = 4; lastKnownFileType = sourcecode.swift; path = DocumentViewController.swift; sourceTree = "<group>"; };
		A86220C01D4070C800BAC828 /* DocumentViewController.xib */ = {isa = PBXFileReference; fileEncoding = 4; lastKnownFileType = file.xib; path = DocumentViewController.xib; sourceTree = "<group>"; };
		A86220C41D40733200BAC828 /* ScaryBugData.swift */ = {isa = PBXFileReference; fileEncoding = 4; lastKnownFileType = sourcecode.swift; path = ScaryBugData.swift; sourceTree = "<group>"; };
		A86220C61D40737400BAC828 /* ScaryBugDoc.swift */ = {isa = PBXFileReference; fileEncoding = 4; lastKnownFileType = sourcecode.swift; path = ScaryBugDoc.swift; sourceTree = "<group>"; };
		A86220C91D4079D400BAC828 /* MBase-Bridging-Header.h */ = {isa = PBXFileReference; lastKnownFileType = sourcecode.c.h; path = "MBase-Bridging-Header.h"; sourceTree = "<group>"; };
		A86220CA1D4079D500BAC828 /* NSImage+Extras.h */ = {isa = PBXFileReference; fileEncoding = 4; lastKnownFileType = sourcecode.c.h; path = "NSImage+Extras.h"; sourceTree = "<group>"; };
		A86220CB1D4079D500BAC828 /* NSImage+Extras.m */ = {isa = PBXFileReference; fileEncoding = 4; lastKnownFileType = sourcecode.c.objc; path = "NSImage+Extras.m"; sourceTree = "<group>"; };
		A86220CC1D4079D500BAC828 /* EDStarRating.h */ = {isa = PBXFileReference; fileEncoding = 4; lastKnownFileType = sourcecode.c.h; path = EDStarRating.h; sourceTree = "<group>"; };
		A86220CD1D4079D500BAC828 /* EDStarRating.m */ = {isa = PBXFileReference; fileEncoding = 4; lastKnownFileType = sourcecode.c.objc; path = EDStarRating.m; sourceTree = "<group>"; };
		A89099721D59B57C00E25D8E /* consts.plist */ = {isa = PBXFileReference; fileEncoding = 4; lastKnownFileType = text.plist.xml; path = consts.plist; sourceTree = "<group>"; };
		A89099761D59B80900E25D8E /* ConstsManager.swift */ = {isa = PBXFileReference; fileEncoding = 4; lastKnownFileType = sourcecode.swift; path = ConstsManager.swift; sourceTree = "<group>"; };
		A890997B1D59CB5300E25D8E /* MarkdownManager.swift */ = {isa = PBXFileReference; fileEncoding = 4; lastKnownFileType = sourcecode.swift; path = MarkdownManager.swift; sourceTree = "<group>"; };
		A890997F1D59DBCE00E25D8E /* markdownHelp.strings */ = {isa = PBXFileReference; fileEncoding = 4; lastKnownFileType = text.plist.strings; path = markdownHelp.strings; sourceTree = "<group>"; };
		A89099831D59EA4400E25D8E /* DocMainViewController+Delegate.swift */ = {isa = PBXFileReference; fileEncoding = 4; lastKnownFileType = sourcecode.swift; path = "DocMainViewController+Delegate.swift"; sourceTree = "<group>"; };
		A890F6FE1D40D49E003FF760 /* MainWindowController.swift */ = {isa = PBXFileReference; fileEncoding = 4; lastKnownFileType = sourcecode.swift; path = MainWindowController.swift; sourceTree = "<group>"; };
		A890F6FF1D40D49E003FF760 /* MainWindowController.xib */ = {isa = PBXFileReference; fileEncoding = 4; lastKnownFileType = file.xib; path = MainWindowController.xib; sourceTree = "<group>"; };
		A8914B7F1D42318000A31073 /* DocTreeViewController+MenuIBAction.swift */ = {isa = PBXFileReference; fileEncoding = 4; lastKnownFileType = sourcecode.swift; path = "DocTreeViewController+MenuIBAction.swift"; sourceTree = "<group>"; };
		A8914B811D4231E600A31073 /* DocTreeViewController+DataSource.swift */ = {isa = PBXFileReference; fileEncoding = 4; lastKnownFileType = sourcecode.swift; path = "DocTreeViewController+DataSource.swift"; sourceTree = "<group>"; };
		A8914B831D424BF500A31073 /* DocTreeViewController+Delegate.swift */ = {isa = PBXFileReference; fileEncoding = 4; lastKnownFileType = sourcecode.swift; path = "DocTreeViewController+Delegate.swift"; sourceTree = "<group>"; };
		A8ACDFAA1D5D697D0082C152 /* MarkdownHtmlTagFactory.swift */ = {isa = PBXFileReference; fileEncoding = 4; lastKnownFileType = sourcecode.swift; path = MarkdownHtmlTagFactory.swift; sourceTree = "<group>"; };
		A8C692921D57609A00C5D145 /* DocEditTextView.swift */ = {isa = PBXFileReference; fileEncoding = 4; lastKnownFileType = sourcecode.swift; path = DocEditTextView.swift; sourceTree = "<group>"; };
		A8C692941D57642B00C5D145 /* DocEditViewController+Delegate.swift */ = {isa = PBXFileReference; fileEncoding = 4; lastKnownFileType = sourcecode.swift; path = "DocEditViewController+Delegate.swift"; sourceTree = "<group>"; };
		A8CB64E11D41BDBB00E69BBE /* DocumentViewController+IBAction.swift */ = {isa = PBXFileReference; fileEncoding = 4; lastKnownFileType = sourcecode.swift; path = "DocumentViewController+IBAction.swift"; sourceTree = "<group>"; };
		A8CB64E51D41C0BE00E69BBE /* AppDelegate+IBAction.swift */ = {isa = PBXFileReference; fileEncoding = 4; lastKnownFileType = sourcecode.swift; path = "AppDelegate+IBAction.swift"; sourceTree = "<group>"; };
		A8CB64F71D41F62400E69BBE /* MainSplitViewController.swift */ = {isa = PBXFileReference; fileEncoding = 4; lastKnownFileType = sourcecode.swift; path = MainSplitViewController.swift; sourceTree = "<group>"; };
		A8CB64F81D41F62400E69BBE /* MainSplitViewController.xib */ = {isa = PBXFileReference; fileEncoding = 4; lastKnownFileType = file.xib; path = MainSplitViewController.xib; sourceTree = "<group>"; };
		A8CB64FB1D41F69900E69BBE /* DocTreeViewController.swift */ = {isa = PBXFileReference; fileEncoding = 4; lastKnownFileType = sourcecode.swift; path = DocTreeViewController.swift; sourceTree = "<group>"; };
		A8CB64FC1D41F69900E69BBE /* DocTreeViewController.xib */ = {isa = PBXFileReference; fileEncoding = 4; lastKnownFileType = file.xib; path = DocTreeViewController.xib; sourceTree = "<group>"; };
		A8CB64FF1D41F89700E69BBE /* DocMainViewController.swift */ = {isa = PBXFileReference; fileEncoding = 4; lastKnownFileType = sourcecode.swift; path = DocMainViewController.swift; sourceTree = "<group>"; };
		A8CB65001D41F89700E69BBE /* DocMainViewController.xib */ = {isa = PBXFileReference; fileEncoding = 4; lastKnownFileType = file.xib; path = DocMainViewController.xib; sourceTree = "<group>"; };
		A8F60CEC1D52034B009768B6 /* Hoedown.framework */ = {isa = PBXFileReference; lastKnownFileType = wrapper.framework; name = Hoedown.framework; path = ../Carthage/Build/Mac/Hoedown.framework; sourceTree = "<group>"; };
		A8F60CF01D520391009768B6 /* SwiftHoedown.h */ = {isa = PBXFileReference; fileEncoding = 4; lastKnownFileType = sourcecode.c.h; path = SwiftHoedown.h; sourceTree = "<group>"; };
		A8F60CF11D520391009768B6 /* Hoedown.swift */ = {isa = PBXFileReference; fileEncoding = 4; lastKnownFileType = sourcecode.swift; path = Hoedown.swift; sourceTree = "<group>"; };
		A8F60D061D520EA2009768B6 /* DocEditViewController.swift */ = {isa = PBXFileReference; fileEncoding = 4; lastKnownFileType = sourcecode.swift; path = DocEditViewController.swift; sourceTree = "<group>"; };
		A8F60D071D520EA2009768B6 /* DocEditViewController.xib */ = {isa = PBXFileReference; fileEncoding = 4; lastKnownFileType = file.xib; path = DocEditViewController.xib; sourceTree = "<group>"; };
		A8FAD67A1D6182F800D8B45F /* lang-apollo.js */ = {isa = PBXFileReference; fileEncoding = 4; lastKnownFileType = sourcecode.javascript; path = "lang-apollo.js"; sourceTree = "<group>"; };
		A8FAD67B1D6182F800D8B45F /* lang-basic.js */ = {isa = PBXFileReference; fileEncoding = 4; lastKnownFileType = sourcecode.javascript; path = "lang-basic.js"; sourceTree = "<group>"; };
		A8FAD67C1D6182F800D8B45F /* lang-clj.js */ = {isa = PBXFileReference; fileEncoding = 4; lastKnownFileType = sourcecode.javascript; path = "lang-clj.js"; sourceTree = "<group>"; };
		A8FAD67D1D6182F800D8B45F /* lang-css.js */ = {isa = PBXFileReference; fileEncoding = 4; lastKnownFileType = sourcecode.javascript; path = "lang-css.js"; sourceTree = "<group>"; };
		A8FAD67E1D6182F800D8B45F /* lang-dart.js */ = {isa = PBXFileReference; fileEncoding = 4; lastKnownFileType = sourcecode.javascript; path = "lang-dart.js"; sourceTree = "<group>"; };
		A8FAD67F1D6182F800D8B45F /* lang-erlang.js */ = {isa = PBXFileReference; fileEncoding = 4; lastKnownFileType = sourcecode.javascript; path = "lang-erlang.js"; sourceTree = "<group>"; };
		A8FAD6801D6182F800D8B45F /* lang-go.js */ = {isa = PBXFileReference; fileEncoding = 4; lastKnownFileType = sourcecode.javascript; path = "lang-go.js"; sourceTree = "<group>"; };
		A8FAD6811D6182F800D8B45F /* lang-hs.js */ = {isa = PBXFileReference; fileEncoding = 4; lastKnownFileType = sourcecode.javascript; path = "lang-hs.js"; sourceTree = "<group>"; };
		A8FAD6821D6182F800D8B45F /* lang-lisp.js */ = {isa = PBXFileReference; fileEncoding = 4; lastKnownFileType = sourcecode.javascript; path = "lang-lisp.js"; sourceTree = "<group>"; };
		A8FAD6831D6182F800D8B45F /* lang-llvm.js */ = {isa = PBXFileReference; fileEncoding = 4; lastKnownFileType = sourcecode.javascript; path = "lang-llvm.js"; sourceTree = "<group>"; };
		A8FAD6841D6182F800D8B45F /* lang-lua.js */ = {isa = PBXFileReference; fileEncoding = 4; lastKnownFileType = sourcecode.javascript; path = "lang-lua.js"; sourceTree = "<group>"; };
		A8FAD6851D6182F800D8B45F /* lang-matlab.js */ = {isa = PBXFileReference; fileEncoding = 4; lastKnownFileType = sourcecode.javascript; path = "lang-matlab.js"; sourceTree = "<group>"; };
		A8FAD6861D6182F800D8B45F /* lang-ml.js */ = {isa = PBXFileReference; fileEncoding = 4; lastKnownFileType = sourcecode.javascript; path = "lang-ml.js"; sourceTree = "<group>"; };
		A8FAD6871D6182F800D8B45F /* lang-mumps.js */ = {isa = PBXFileReference; fileEncoding = 4; lastKnownFileType = sourcecode.javascript; path = "lang-mumps.js"; sourceTree = "<group>"; };
		A8FAD6881D6182F800D8B45F /* lang-n.js */ = {isa = PBXFileReference; fileEncoding = 4; lastKnownFileType = sourcecode.javascript; path = "lang-n.js"; sourceTree = "<group>"; };
		A8FAD6891D6182F800D8B45F /* lang-pascal.js */ = {isa = PBXFileReference; fileEncoding = 4; lastKnownFileType = sourcecode.javascript; path = "lang-pascal.js"; sourceTree = "<group>"; };
		A8FAD68A1D6182F800D8B45F /* lang-proto.js */ = {isa = PBXFileReference; fileEncoding = 4; lastKnownFileType = sourcecode.javascript; path = "lang-proto.js"; sourceTree = "<group>"; };
		A8FAD68B1D6182F800D8B45F /* lang-r.js */ = {isa = PBXFileReference; fileEncoding = 4; lastKnownFileType = sourcecode.javascript; path = "lang-r.js"; sourceTree = "<group>"; };
		A8FAD68C1D6182F800D8B45F /* lang-rd.js */ = {isa = PBXFileReference; fileEncoding = 4; lastKnownFileType = sourcecode.javascript; path = "lang-rd.js"; sourceTree = "<group>"; };
		A8FAD68D1D6182F800D8B45F /* lang-scala.js */ = {isa = PBXFileReference; fileEncoding = 4; lastKnownFileType = sourcecode.javascript; path = "lang-scala.js"; sourceTree = "<group>"; };
		A8FAD68E1D6182F800D8B45F /* lang-sql.js */ = {isa = PBXFileReference; fileEncoding = 4; lastKnownFileType = sourcecode.javascript; path = "lang-sql.js"; sourceTree = "<group>"; };
		A8FAD68F1D6182F800D8B45F /* lang-tcl.js */ = {isa = PBXFileReference; fileEncoding = 4; lastKnownFileType = sourcecode.javascript; path = "lang-tcl.js"; sourceTree = "<group>"; };
		A8FAD6901D6182F800D8B45F /* lang-tex.js */ = {isa = PBXFileReference; fileEncoding = 4; lastKnownFileType = sourcecode.javascript; path = "lang-tex.js"; sourceTree = "<group>"; };
		A8FAD6911D6182F800D8B45F /* lang-vb.js */ = {isa = PBXFileReference; fileEncoding = 4; lastKnownFileType = sourcecode.javascript; path = "lang-vb.js"; sourceTree = "<group>"; };
		A8FAD6921D6182F800D8B45F /* lang-vhdl.js */ = {isa = PBXFileReference; fileEncoding = 4; lastKnownFileType = sourcecode.javascript; path = "lang-vhdl.js"; sourceTree = "<group>"; };
		A8FAD6931D6182F800D8B45F /* lang-wiki.js */ = {isa = PBXFileReference; fileEncoding = 4; lastKnownFileType = sourcecode.javascript; path = "lang-wiki.js"; sourceTree = "<group>"; };
		A8FAD6941D6182F800D8B45F /* lang-xq.js */ = {isa = PBXFileReference; fileEncoding = 4; lastKnownFileType = sourcecode.javascript; path = "lang-xq.js"; sourceTree = "<group>"; };
		A8FAD6951D6182F800D8B45F /* lang-yaml.js */ = {isa = PBXFileReference; fileEncoding = 4; lastKnownFileType = sourcecode.javascript; path = "lang-yaml.js"; sourceTree = "<group>"; };
		A8FAD6961D6182F800D8B45F /* prettify.css */ = {isa = PBXFileReference; fileEncoding = 4; lastKnownFileType = text.css; path = prettify.css; sourceTree = "<group>"; };
		A8FAD6971D6182F800D8B45F /* prettify.js */ = {isa = PBXFileReference; fileEncoding = 4; lastKnownFileType = sourcecode.javascript; path = prettify.js; sourceTree = "<group>"; };
		A8FAD6981D6182F800D8B45F /* run_prettify.js */ = {isa = PBXFileReference; fileEncoding = 4; lastKnownFileType = sourcecode.javascript; path = run_prettify.js; sourceTree = "<group>"; };
		A8FFBE3E1D5479C1004EC5C4 /* TreeBack.swift */ = {isa = PBXFileReference; fileEncoding = 4; lastKnownFileType = sourcecode.swift; path = TreeBack.swift; sourceTree = "<group>"; };
		A8FFBE501D549902004EC5C4 /* DocMain+CoreDataProperties.swift */ = {isa = PBXFileReference; fileEncoding = 4; lastKnownFileType = sourcecode.swift; name = "DocMain+CoreDataProperties.swift"; path = "../DocMain+CoreDataProperties.swift"; sourceTree = "<group>"; };
		A8FFBE511D549902004EC5C4 /* DocMain.swift */ = {isa = PBXFileReference; fileEncoding = 4; lastKnownFileType = sourcecode.swift; name = DocMain.swift; path = ../DocMain.swift; sourceTree = "<group>"; };
		A8FFBE521D549902004EC5C4 /* DocTree+CoreDataProperties.swift */ = {isa = PBXFileReference; fileEncoding = 4; lastKnownFileType = sourcecode.swift; name = "DocTree+CoreDataProperties.swift"; path = "../DocTree+CoreDataProperties.swift"; sourceTree = "<group>"; };
		A8FFBE531D549903004EC5C4 /* DocTree.swift */ = {isa = PBXFileReference; fileEncoding = 4; lastKnownFileType = sourcecode.swift; name = DocTree.swift; path = ../DocTree.swift; sourceTree = "<group>"; };
		A8FFBE581D5499B8004EC5C4 /* DocTreeInfoData.swift */ = {isa = PBXFileReference; fileEncoding = 4; lastKnownFileType = sourcecode.swift; path = DocTreeInfoData.swift; sourceTree = "<group>"; };
/* End PBXFileReference section */

/* Begin PBXFrameworksBuildPhase section */
		A86220A81D406FA000BAC828 /* Frameworks */ = {
			isa = PBXFrameworksBuildPhase;
			buildActionMask = 2147483647;
			files = (
				A8B725B71D52E8D3008C96DF /* Hoedown.framework in Frameworks */,
			);
			runOnlyForDeploymentPostprocessing = 0;
		};
/* End PBXFrameworksBuildPhase section */

/* Begin PBXGroup section */
		A8103D841D582C2F0085ECA2 /* model */ = {
			isa = PBXGroup;
			children = (
				A8103D801D582C1E0085ECA2 /* UserInfo+CoreDataProperties.swift */,
				A8103D811D582C1E0085ECA2 /* UserInfo.swift */,
			);
			name = model;
			sourceTree = "<group>";
		};
		A82AD7AA1D44833000F457B6 /* demo */ = {
			isa = PBXGroup;
			children = (
				A86220BF1D4070C800BAC828 /* DocumentViewController.swift */,
				A8CB64E11D41BDBB00E69BBE /* DocumentViewController+IBAction.swift */,
				A86220C01D4070C800BAC828 /* DocumentViewController.xib */,
				A86220C41D40733200BAC828 /* ScaryBugData.swift */,
				A86220C61D40737400BAC828 /* ScaryBugDoc.swift */,
				A8FFBE3E1D5479C1004EC5C4 /* TreeBack.swift */,
			);
			name = demo;
			sourceTree = "<group>";
		};
		A83630591D5C1FB200323812 /* resource */ = {
			isa = PBXGroup;
			children = (
				A836305A1D5C1FE100323812 /* default.css */,
				A8FAD6791D6182D900D8B45F /* google-code-prettify-small */,
				A89099721D59B57C00E25D8E /* consts.plist */,
				A890997F1D59DBCE00E25D8E /* markdownHelp.strings */,
				A86220B01D406FA000BAC828 /* Assets.xcassets */,
				A82AD7A31D4478F400F457B6 /* MBase.xcdatamodeld */,
			);
			name = resource;
			sourceTree = "<group>";
		};
		A83636CF1D543CD100B7E2B7 /* model */ = {
			isa = PBXGroup;
			children = (
				A8FFBE581D5499B8004EC5C4 /* DocTreeInfoData.swift */,
				A8FFBE521D549902004EC5C4 /* DocTree+CoreDataProperties.swift */,
				A8FFBE531D549903004EC5C4 /* DocTree.swift */,
			);
			name = model;
			sourceTree = "<group>";
		};
		A85462DE1D5ED5BB002007D9 /* editfactory */ = {
			isa = PBXGroup;
			children = (
				A85462DF1D5ED5DF002007D9 /* MarkdownEditFactory.swift */,
			);
			name = editfactory;
			sourceTree = "<group>";
		};
		A86220A21D406FA000BAC828 = {
			isa = PBXGroup;
			children = (
				A86220AD1D406FA000BAC828 /* MBase */,
				A86220AC1D406FA000BAC828 /* Products */,
			);
			sourceTree = "<group>";
		};
		A86220AC1D406FA000BAC828 /* Products */ = {
			isa = PBXGroup;
			children = (
				A86220AB1D406FA000BAC828 /* MBase.app */,
			);
			name = Products;
			sourceTree = "<group>";
		};
		A86220AD1D406FA000BAC828 /* MBase */ = {
			isa = PBXGroup;
			children = (
				A83630591D5C1FB200323812 /* resource */,
				A89099741D59B79B00E25D8E /* system */,
				A82AD7AA1D44833000F457B6 /* demo */,
				A8F60CFB1D5204F1009768B6 /* hoedown */,
				A8F60CFC1D520912009768B6 /* document */,
				A8CB64E31D41C06800E69BBE /* split */,
				A890F6FB1D40D3A3003FF760 /* main */,
				A86220BB1D40705F00BAC828 /* tree */,
				A86220B51D406FA000BAC828 /* Info.plist */,
				A86220C31D4072DE00BAC828 /* Supporting Files */,
			);
			path = MBase;
			sourceTree = "<group>";
		};
		A86220BB1D40705F00BAC828 /* tree */ = {
			isa = PBXGroup;
			children = (
				A86220BE1D40708D00BAC828 /* controller */,
				A86220BD1D40708500BAC828 /* view */,
				A83636CF1D543CD100B7E2B7 /* model */,
			);
			name = tree;
			sourceTree = "<group>";
		};
		A86220BD1D40708500BAC828 /* view */ = {
			isa = PBXGroup;
			children = (
				A8CB64FC1D41F69900E69BBE /* DocTreeViewController.xib */,
				A82AD75A1D43B1E100F457B6 /* DocTreeInfoViewController.xib */,
			);
			name = view;
			sourceTree = "<group>";
		};
		A86220BE1D40708D00BAC828 /* controller */ = {
			isa = PBXGroup;
			children = (
				A8CB64FB1D41F69900E69BBE /* DocTreeViewController.swift */,
				A8914B7F1D42318000A31073 /* DocTreeViewController+MenuIBAction.swift */,
				A8914B811D4231E600A31073 /* DocTreeViewController+DataSource.swift */,
				A8914B831D424BF500A31073 /* DocTreeViewController+Delegate.swift */,
				A82AD7591D43B1E100F457B6 /* DocTreeInfoViewController.swift */,
				A82AD75D1D43BE5100F457B6 /* DocTreeInfoViewController+Delegate.swift */,
				A82AD75F1D43BFF600F457B6 /* DocTreeInfoViewController+IBAction.swift */,
			);
			name = controller;
			sourceTree = "<group>";
		};
		A86220C31D4072DE00BAC828 /* Supporting Files */ = {
			isa = PBXGroup;
			children = (
				A86220C81D4079B800BAC828 /* ObejctViews */,
				A86220C91D4079D400BAC828 /* MBase-Bridging-Header.h */,
				A8F60CEC1D52034B009768B6 /* Hoedown.framework */,
			);
			name = "Supporting Files";
			sourceTree = "<group>";
		};
		A86220C81D4079B800BAC828 /* ObejctViews */ = {
			isa = PBXGroup;
			children = (
				A86220CA1D4079D500BAC828 /* NSImage+Extras.h */,
				A86220CB1D4079D500BAC828 /* NSImage+Extras.m */,
				A86220CC1D4079D500BAC828 /* EDStarRating.h */,
				A86220CD1D4079D500BAC828 /* EDStarRating.m */,
			);
			name = ObejctViews;
			sourceTree = "<group>";
		};
		A89099741D59B79B00E25D8E /* system */ = {
			isa = PBXGroup;
			children = (
				A890997A1D59CB3A00E25D8E /* markdown */,
				A89099751D59B7A300E25D8E /* manager */,
			);
			name = system;
			sourceTree = "<group>";
		};
		A89099751D59B7A300E25D8E /* manager */ = {
			isa = PBXGroup;
			children = (
				A89099761D59B80900E25D8E /* ConstsManager.swift */,
			);
			name = manager;
			sourceTree = "<group>";
		};
		A890997A1D59CB3A00E25D8E /* markdown */ = {
			isa = PBXGroup;
			children = (
				A85462DE1D5ED5BB002007D9 /* editfactory */,
				A8ACDFA91D5D69560082C152 /* tagfactory */,
				A890997B1D59CB5300E25D8E /* MarkdownManager.swift */,
			);
			name = markdown;
			sourceTree = "<group>";
		};
		A890F6FB1D40D3A3003FF760 /* main */ = {
			isa = PBXGroup;
			children = (
				A8CB64F51D41F3F300E69BBE /* delegate */,
				A890F6FC1D40D44B003FF760 /* controller */,
				A890F6FD1D40D450003FF760 /* view */,
				A8103D841D582C2F0085ECA2 /* model */,
			);
			name = main;
			sourceTree = "<group>";
		};
		A890F6FC1D40D44B003FF760 /* controller */ = {
			isa = PBXGroup;
			children = (
				A890F6FE1D40D49E003FF760 /* MainWindowController.swift */,
			);
			name = controller;
			sourceTree = "<group>";
		};
		A890F6FD1D40D450003FF760 /* view */ = {
			isa = PBXGroup;
			children = (
				A86220B21D406FA000BAC828 /* MainMenu.xib */,
				A890F6FF1D40D49E003FF760 /* MainWindowController.xib */,
			);
			name = view;
			sourceTree = "<group>";
		};
		A8ACDFA91D5D69560082C152 /* tagfactory */ = {
			isa = PBXGroup;
			children = (
				A836305E1D5C9AC700323812 /* MarkdownHtmlTag.swift */,
				A85462E31D5EDAFB002007D9 /* MarkdownHtmlTag4a1.swift */,
				A85462E71D5EE46F002007D9 /* MarkdownHtmlTag4a2.swift */,
				A84C93EE1D5DAF26004CFCD2 /* MarkdownHtmlTag4br.swift */,
				A85462DC1D5ECED2002007D9 /* MarkdownHtmlTag4code1.swift */,
				A84C93F21D5DB7EB004CFCD2 /* MarkdownHtmlTag4em.swift */,
				A83630601D5C9D3800323812 /* MarkdownHtmlTag4h1.swift */,
				A83630621D5CA06000323812 /* MarkdownHtmlTag4h2.swift */,
				A84C93E61D5DAD71004CFCD2 /* MarkdownHtmlTag4h3.swift */,
				A84C93E81D5DAD88004CFCD2 /* MarkdownHtmlTag4h4.swift */,
				A84C93EA1D5DAD99004CFCD2 /* MarkdownHtmlTag4h5.swift */,
				A84C93EC1D5DADA2004CFCD2 /* MarkdownHtmlTag4h6.swift */,
				A85462E11D5ED822002007D9 /* MarkdownHtmlTag4hr.swift */,
				A85462EB1D5F113B002007D9 /* MarkdownHtmlTag4img1.swift */,
				A85462ED1D5F1144002007D9 /* MarkdownHtmlTag4img2.swift */,
				A84C93F41D5DBC1F004CFCD2 /* MarkdownHtmlTag4p.swift */,
				A84C93F01D5DB5E8004CFCD2 /* MarkdownHtmlTag4strong.swift */,
				A85462E91D5EE47A002007D9 /* MarkdownHtmlTag4u.swift */,
				A85462E51D5EE464002007D9 /* MarkdownHtmlTag4url.swift */,
				A8ACDFAA1D5D697D0082C152 /* MarkdownHtmlTagFactory.swift */,
				A8060A041D61E428009B53D5 /* MarkdownHtmlTag4code2.swift */,
			);
			name = tagfactory;
			sourceTree = "<group>";
		};
		A8CB64E31D41C06800E69BBE /* split */ = {
			isa = PBXGroup;
			children = (
				A8CB64E41D41C06F00E69BBE /* controller */,
				A8CB64F61D41F5F600E69BBE /* view */,
			);
			name = split;
			sourceTree = "<group>";
		};
		A8CB64E41D41C06F00E69BBE /* controller */ = {
			isa = PBXGroup;
			children = (
				A8CB64F71D41F62400E69BBE /* MainSplitViewController.swift */,
			);
			name = controller;
			sourceTree = "<group>";
		};
		A8CB64F51D41F3F300E69BBE /* delegate */ = {
			isa = PBXGroup;
			children = (
				A86220AE1D406FA000BAC828 /* AppDelegate.swift */,
				A8CB64E51D41C0BE00E69BBE /* AppDelegate+IBAction.swift */,
			);
			name = delegate;
			sourceTree = "<group>";
		};
		A8CB64F61D41F5F600E69BBE /* view */ = {
			isa = PBXGroup;
			children = (
				A8CB64F81D41F62400E69BBE /* MainSplitViewController.xib */,
			);
			name = view;
			sourceTree = "<group>";
		};
		A8F60CFB1D5204F1009768B6 /* hoedown */ = {
			isa = PBXGroup;
			children = (
				A8F60CF01D520391009768B6 /* SwiftHoedown.h */,
				A8F60CF11D520391009768B6 /* Hoedown.swift */,
			);
			name = hoedown;
			sourceTree = "<group>";
		};
		A8F60CFC1D520912009768B6 /* document */ = {
			isa = PBXGroup;
			children = (
				A8F60CFD1D520A60009768B6 /* controller */,
				A8F60CFE1D520A66009768B6 /* view */,
				A8F60CFF1D520A6D009768B6 /* model */,
			);
			name = document;
			sourceTree = "<group>";
		};
		A8F60CFD1D520A60009768B6 /* controller */ = {
			isa = PBXGroup;
			children = (
				A8CB64FF1D41F89700E69BBE /* DocMainViewController.swift */,
				A89099831D59EA4400E25D8E /* DocMainViewController+Delegate.swift */,
				A8F60D061D520EA2009768B6 /* DocEditViewController.swift */,
				A8C692941D57642B00C5D145 /* DocEditViewController+Delegate.swift */,
				A860F5D71D588D34002BD753 /* DocEditTextStorage.swift */,
			);
			name = controller;
			sourceTree = "<group>";
		};
		A8F60CFE1D520A66009768B6 /* view */ = {
			isa = PBXGroup;
			children = (
				A8CB65001D41F89700E69BBE /* DocMainViewController.xib */,
				A8F60D071D520EA2009768B6 /* DocEditViewController.xib */,
				A8C692921D57609A00C5D145 /* DocEditTextView.swift */,
			);
			name = view;
			sourceTree = "<group>";
		};
		A8F60CFF1D520A6D009768B6 /* model */ = {
			isa = PBXGroup;
			children = (
				A8FFBE501D549902004EC5C4 /* DocMain+CoreDataProperties.swift */,
				A8FFBE511D549902004EC5C4 /* DocMain.swift */,
			);
			name = model;
			sourceTree = "<group>";
		};
		A8FAD6791D6182D900D8B45F /* google-code-prettify-small */ = {
			isa = PBXGroup;
			children = (
				A8FAD67A1D6182F800D8B45F /* lang-apollo.js */,
				A8FAD67B1D6182F800D8B45F /* lang-basic.js */,
				A8FAD67C1D6182F800D8B45F /* lang-clj.js */,
				A8FAD67D1D6182F800D8B45F /* lang-css.js */,
				A8FAD67E1D6182F800D8B45F /* lang-dart.js */,
				A8FAD67F1D6182F800D8B45F /* lang-erlang.js */,
				A8FAD6801D6182F800D8B45F /* lang-go.js */,
				A8FAD6811D6182F800D8B45F /* lang-hs.js */,
				A8FAD6821D6182F800D8B45F /* lang-lisp.js */,
				A8FAD6831D6182F800D8B45F /* lang-llvm.js */,
				A8FAD6841D6182F800D8B45F /* lang-lua.js */,
				A8FAD6851D6182F800D8B45F /* lang-matlab.js */,
				A8FAD6861D6182F800D8B45F /* lang-ml.js */,
				A8FAD6871D6182F800D8B45F /* lang-mumps.js */,
				A8FAD6881D6182F800D8B45F /* lang-n.js */,
				A8FAD6891D6182F800D8B45F /* lang-pascal.js */,
				A8FAD68A1D6182F800D8B45F /* lang-proto.js */,
				A8FAD68B1D6182F800D8B45F /* lang-r.js */,
				A8FAD68C1D6182F800D8B45F /* lang-rd.js */,
				A8FAD68D1D6182F800D8B45F /* lang-scala.js */,
				A8FAD68E1D6182F800D8B45F /* lang-sql.js */,
				A8FAD68F1D6182F800D8B45F /* lang-tcl.js */,
				A8FAD6901D6182F800D8B45F /* lang-tex.js */,
				A8FAD6911D6182F800D8B45F /* lang-vb.js */,
				A8FAD6921D6182F800D8B45F /* lang-vhdl.js */,
				A8FAD6931D6182F800D8B45F /* lang-wiki.js */,
				A8FAD6941D6182F800D8B45F /* lang-xq.js */,
				A8FAD6951D6182F800D8B45F /* lang-yaml.js */,
				A8FAD6961D6182F800D8B45F /* prettify.css */,
				A8FAD6971D6182F800D8B45F /* prettify.js */,
				A8FAD6981D6182F800D8B45F /* run_prettify.js */,
			);
			name = "google-code-prettify-small";
			sourceTree = "<group>";
		};
/* End PBXGroup section */

/* Begin PBXNativeTarget section */
		A86220AA1D406FA000BAC828 /* MBase */ = {
			isa = PBXNativeTarget;
			buildConfigurationList = A86220B81D406FA000BAC828 /* Build configuration list for PBXNativeTarget "MBase" */;
			buildPhases = (
				A86220A71D406FA000BAC828 /* Sources */,
				A86220A81D406FA000BAC828 /* Frameworks */,
				A86220A91D406FA000BAC828 /* Resources */,
				A8F60CEF1D52034B009768B6 /* Embed Frameworks */,
			);
			buildRules = (
			);
			dependencies = (
			);
			name = MBase;
			productName = MBase;
			productReference = A86220AB1D406FA000BAC828 /* MBase.app */;
			productType = "com.apple.product-type.application";
		};
/* End PBXNativeTarget section */

/* Begin PBXProject section */
		A86220A31D406FA000BAC828 /* Project object */ = {
			isa = PBXProject;
			attributes = {
				LastSwiftUpdateCheck = 0730;
				LastUpgradeCheck = 0730;
				ORGANIZATIONNAME = popkidorc;
				TargetAttributes = {
					A86220AA1D406FA000BAC828 = {
						CreatedOnToolsVersion = 7.3.1;
					};
				};
			};
			buildConfigurationList = A86220A61D406FA000BAC828 /* Build configuration list for PBXProject "MBase" */;
			compatibilityVersion = "Xcode 3.2";
			developmentRegion = English;
			hasScannedForEncodings = 0;
			knownRegions = (
				en,
				Base,
			);
			mainGroup = A86220A21D406FA000BAC828;
			productRefGroup = A86220AC1D406FA000BAC828 /* Products */;
			projectDirPath = "";
			projectRoot = "";
			targets = (
				A86220AA1D406FA000BAC828 /* MBase */,
			);
		};
/* End PBXProject section */

/* Begin PBXResourcesBuildPhase section */
		A86220A91D406FA000BAC828 /* Resources */ = {
			isa = PBXResourcesBuildPhase;
			buildActionMask = 2147483647;
			files = (
				A8CB65021D41F89700E69BBE /* DocMainViewController.xib in Resources */,
				A8FAD6B41D6182F800D8B45F /* lang-yaml.js in Resources */,
				A8FAD6B71D6182F800D8B45F /* run_prettify.js in Resources */,
				A8FAD6A11D6182F800D8B45F /* lang-lisp.js in Resources */,
				A8FAD6A91D6182F800D8B45F /* lang-proto.js in Resources */,
				A8FAD69E1D6182F800D8B45F /* lang-erlang.js in Resources */,
				A8FAD6AF1D6182F800D8B45F /* lang-tex.js in Resources */,
				A89099801D59DBCE00E25D8E /* markdownHelp.strings in Resources */,
				A8FAD6AD1D6182F800D8B45F /* lang-sql.js in Resources */,
				A86220B11D406FA000BAC828 /* Assets.xcassets in Resources */,
				A86220B41D406FA000BAC828 /* MainMenu.xib in Resources */,
				A890F7011D40D49E003FF760 /* MainWindowController.xib in Resources */,
				A8FAD6A21D6182F800D8B45F /* lang-llvm.js in Resources */,
				A8FAD6A31D6182F800D8B45F /* lang-lua.js in Resources */,
				A82AD75C1D43B1E100F457B6 /* DocTreeInfoViewController.xib in Resources */,
				A8FAD6AC1D6182F800D8B45F /* lang-scala.js in Resources */,
				A8FAD6B31D6182F800D8B45F /* lang-xq.js in Resources */,
				A86220C21D4070C800BAC828 /* DocumentViewController.xib in Resources */,
				A8FAD6A71D6182F800D8B45F /* lang-n.js in Resources */,
				A8FAD6A81D6182F800D8B45F /* lang-pascal.js in Resources */,
				A8FAD6AE1D6182F800D8B45F /* lang-tcl.js in Resources */,
				A8F60D091D520EA2009768B6 /* DocEditViewController.xib in Resources */,
				A8FAD69B1D6182F800D8B45F /* lang-clj.js in Resources */,
				A8CB64FA1D41F62400E69BBE /* MainSplitViewController.xib in Resources */,
				A8FAD6B61D6182F800D8B45F /* prettify.js in Resources */,
				A8FAD6B11D6182F800D8B45F /* lang-vhdl.js in Resources */,
				A8FAD6A01D6182F800D8B45F /* lang-hs.js in Resources */,
				A89099731D59B57C00E25D8E /* consts.plist in Resources */,
				A8FAD6AB1D6182F800D8B45F /* lang-rd.js in Resources */,
				A8FAD69F1D6182F800D8B45F /* lang-go.js in Resources */,
				A8FAD6A61D6182F800D8B45F /* lang-mumps.js in Resources */,
				A8FAD6A41D6182F800D8B45F /* lang-matlab.js in Resources */,
				A8CB64FE1D41F69900E69BBE /* DocTreeViewController.xib in Resources */,
				A8FAD6B01D6182F800D8B45F /* lang-vb.js in Resources */,
				A8FAD6991D6182F800D8B45F /* lang-apollo.js in Resources */,
				A8FAD6B51D6182F800D8B45F /* prettify.css in Resources */,
				A8FAD69D1D6182F800D8B45F /* lang-dart.js in Resources */,
				A8FAD6A51D6182F800D8B45F /* lang-ml.js in Resources */,
				A836305B1D5C1FE100323812 /* default.css in Resources */,
				A8FAD69C1D6182F800D8B45F /* lang-css.js in Resources */,
				A8FAD69A1D6182F800D8B45F /* lang-basic.js in Resources */,
				A8FAD6B21D6182F800D8B45F /* lang-wiki.js in Resources */,
				A8FAD6AA1D6182F800D8B45F /* lang-r.js in Resources */,
			);
			runOnlyForDeploymentPostprocessing = 0;
		};
/* End PBXResourcesBuildPhase section */

/* Begin PBXSourcesBuildPhase section */
		A86220A71D406FA000BAC828 /* Sources */ = {
			isa = PBXSourcesBuildPhase;
			buildActionMask = 2147483647;
			files = (
				A8103D821D582C1E0085ECA2 /* UserInfo+CoreDataProperties.swift in Sources */,
				A86220C51D40733200BAC828 /* ScaryBugData.swift in Sources */,
				A86220AF1D406FA000BAC828 /* AppDelegate.swift in Sources */,
				A82AD7A51D4478F400F457B6 /* MBase.xcdatamodeld in Sources */,
				A86220C71D40737400BAC828 /* ScaryBugDoc.swift in Sources */,
				A8CB64F91D41F62400E69BBE /* MainSplitViewController.swift in Sources */,
				A8F60D081D520EA2009768B6 /* DocEditViewController.swift in Sources */,
				A85462E21D5ED822002007D9 /* MarkdownHtmlTag4hr.swift in Sources */,
				A84C93F31D5DB7EB004CFCD2 /* MarkdownHtmlTag4em.swift in Sources */,
				A84C93F11D5DB5E8004CFCD2 /* MarkdownHtmlTag4strong.swift in Sources */,
				A84C93EF1D5DAF26004CFCD2 /* MarkdownHtmlTag4br.swift in Sources */,
				A8CB65011D41F89700E69BBE /* DocMainViewController.swift in Sources */,
				A86220CF1D4079D500BAC828 /* EDStarRating.m in Sources */,
				A84C93E91D5DAD88004CFCD2 /* MarkdownHtmlTag4h4.swift in Sources */,
				A8060A051D61E428009B53D5 /* MarkdownHtmlTag4code2.swift in Sources */,
				A89099841D59EA4400E25D8E /* DocMainViewController+Delegate.swift in Sources */,
				A860F5D81D588D34002BD753 /* DocEditTextStorage.swift in Sources */,
				A890997C1D59CB5300E25D8E /* MarkdownManager.swift in Sources */,
				A84C93F51D5DBC1F004CFCD2 /* MarkdownHtmlTag4p.swift in Sources */,
				A85462E01D5ED5DF002007D9 /* MarkdownEditFactory.swift in Sources */,
				A8C692931D57609A00C5D145 /* DocEditTextView.swift in Sources */,
				A84C93ED1D5DADA2004CFCD2 /* MarkdownHtmlTag4h6.swift in Sources */,
				A85462EC1D5F113B002007D9 /* MarkdownHtmlTag4img1.swift in Sources */,
				A83630631D5CA06000323812 /* MarkdownHtmlTag4h2.swift in Sources */,
				A85462E61D5EE464002007D9 /* MarkdownHtmlTag4url.swift in Sources */,
				A86220CE1D4079D500BAC828 /* NSImage+Extras.m in Sources */,
				A86220C11D4070C800BAC828 /* DocumentViewController.swift in Sources */,
				A8103D831D582C1E0085ECA2 /* UserInfo.swift in Sources */,
				A836305F1D5C9AC700323812 /* MarkdownHtmlTag.swift in Sources */,
				A85462EE1D5F1144002007D9 /* MarkdownHtmlTag4img2.swift in Sources */,
				A85462E41D5EDAFB002007D9 /* MarkdownHtmlTag4a1.swift in Sources */,
				A85462DD1D5ECED2002007D9 /* MarkdownHtmlTag4code1.swift in Sources */,
				A8914B821D4231E600A31073 /* DocTreeViewController+DataSource.swift in Sources */,
				A82AD75E1D43BE5100F457B6 /* DocTreeInfoViewController+Delegate.swift in Sources */,
				A8FFBE541D549903004EC5C4 /* DocMain+CoreDataProperties.swift in Sources */,
				A82AD7601D43BFF600F457B6 /* DocTreeInfoViewController+IBAction.swift in Sources */,
				A89099771D59B80900E25D8E /* ConstsManager.swift in Sources */,
				A8C692951D57642B00C5D145 /* DocEditViewController+Delegate.swift in Sources */,
				A8FFBE561D549903004EC5C4 /* DocTree+CoreDataProperties.swift in Sources */,
				A85462E81D5EE46F002007D9 /* MarkdownHtmlTag4a2.swift in Sources */,
				A85462EA1D5EE47A002007D9 /* MarkdownHtmlTag4u.swift in Sources */,
				A8ACDFAB1D5D697D0082C152 /* MarkdownHtmlTagFactory.swift in Sources */,
				A83630611D5C9D3800323812 /* MarkdownHtmlTag4h1.swift in Sources */,
				A8CB64E21D41BDBB00E69BBE /* DocumentViewController+IBAction.swift in Sources */,
				A8914B841D424BF500A31073 /* DocTreeViewController+Delegate.swift in Sources */,
				A8914B801D42318000A31073 /* DocTreeViewController+MenuIBAction.swift in Sources */,
				A84C93E71D5DAD71004CFCD2 /* MarkdownHtmlTag4h3.swift in Sources */,
				A8FFBE551D549903004EC5C4 /* DocMain.swift in Sources */,
				A8F60CF21D520391009768B6 /* Hoedown.swift in Sources */,
				A82AD75B1D43B1E100F457B6 /* DocTreeInfoViewController.swift in Sources */,
				A8CB64E61D41C0BE00E69BBE /* AppDelegate+IBAction.swift in Sources */,
				A84C93EB1D5DAD99004CFCD2 /* MarkdownHtmlTag4h5.swift in Sources */,
				A8CB64FD1D41F69900E69BBE /* DocTreeViewController.swift in Sources */,
				A8FFBE591D5499B8004EC5C4 /* DocTreeInfoData.swift in Sources */,
				A8FFBE3F1D5479C1004EC5C4 /* TreeBack.swift in Sources */,
				A8FFBE571D549903004EC5C4 /* DocTree.swift in Sources */,
				A890F7001D40D49E003FF760 /* MainWindowController.swift in Sources */,
			);
			runOnlyForDeploymentPostprocessing = 0;
		};
/* End PBXSourcesBuildPhase section */

/* Begin PBXVariantGroup section */
		A86220B21D406FA000BAC828 /* MainMenu.xib */ = {
			isa = PBXVariantGroup;
			children = (
				A86220B31D406FA000BAC828 /* Base */,
				A82AD7641D4453E100F457B6 /* zh-Hans */,
			);
			name = MainMenu.xib;
			sourceTree = "<group>";
		};
/* End PBXVariantGroup section */

/* Begin XCBuildConfiguration section */
		A86220B61D406FA000BAC828 /* Debug */ = {
			isa = XCBuildConfiguration;
			buildSettings = {
				ALWAYS_SEARCH_USER_PATHS = NO;
				CLANG_ANALYZER_NONNULL = YES;
				CLANG_CXX_LANGUAGE_STANDARD = "gnu++0x";
				CLANG_CXX_LIBRARY = "libc++";
				CLANG_ENABLE_MODULES = YES;
				CLANG_ENABLE_OBJC_ARC = YES;
				CLANG_WARN_BOOL_CONVERSION = YES;
				CLANG_WARN_CONSTANT_CONVERSION = YES;
				CLANG_WARN_DIRECT_OBJC_ISA_USAGE = YES_ERROR;
				CLANG_WARN_EMPTY_BODY = YES;
				CLANG_WARN_ENUM_CONVERSION = YES;
				CLANG_WARN_INT_CONVERSION = YES;
				CLANG_WARN_OBJC_ROOT_CLASS = YES_ERROR;
				CLANG_WARN_UNREACHABLE_CODE = YES;
				CLANG_WARN__DUPLICATE_METHOD_MATCH = YES;
				CODE_SIGN_IDENTITY = "-";
				COPY_PHASE_STRIP = NO;
				DEBUG_INFORMATION_FORMAT = dwarf;
				ENABLE_STRICT_OBJC_MSGSEND = YES;
				ENABLE_TESTABILITY = YES;
				GCC_C_LANGUAGE_STANDARD = gnu99;
				GCC_DYNAMIC_NO_PIC = NO;
				GCC_NO_COMMON_BLOCKS = YES;
				GCC_OPTIMIZATION_LEVEL = 0;
				GCC_PREPROCESSOR_DEFINITIONS = (
					"DEBUG=1",
					"$(inherited)",
				);
				GCC_WARN_64_TO_32_BIT_CONVERSION = YES;
				GCC_WARN_ABOUT_RETURN_TYPE = YES_ERROR;
				GCC_WARN_UNDECLARED_SELECTOR = YES;
				GCC_WARN_UNINITIALIZED_AUTOS = YES_AGGRESSIVE;
				GCC_WARN_UNUSED_FUNCTION = YES;
				GCC_WARN_UNUSED_VARIABLE = YES;
				MACOSX_DEPLOYMENT_TARGET = 10.11;
				MTL_ENABLE_DEBUG_INFO = YES;
				ONLY_ACTIVE_ARCH = YES;
				SDKROOT = macosx;
				SWIFT_OPTIMIZATION_LEVEL = "-Onone";
			};
			name = Debug;
		};
		A86220B71D406FA000BAC828 /* Release */ = {
			isa = XCBuildConfiguration;
			buildSettings = {
				ALWAYS_SEARCH_USER_PATHS = NO;
				CLANG_ANALYZER_NONNULL = YES;
				CLANG_CXX_LANGUAGE_STANDARD = "gnu++0x";
				CLANG_CXX_LIBRARY = "libc++";
				CLANG_ENABLE_MODULES = YES;
				CLANG_ENABLE_OBJC_ARC = YES;
				CLANG_WARN_BOOL_CONVERSION = YES;
				CLANG_WARN_CONSTANT_CONVERSION = YES;
				CLANG_WARN_DIRECT_OBJC_ISA_USAGE = YES_ERROR;
				CLANG_WARN_EMPTY_BODY = YES;
				CLANG_WARN_ENUM_CONVERSION = YES;
				CLANG_WARN_INT_CONVERSION = YES;
				CLANG_WARN_OBJC_ROOT_CLASS = YES_ERROR;
				CLANG_WARN_UNREACHABLE_CODE = YES;
				CLANG_WARN__DUPLICATE_METHOD_MATCH = YES;
				CODE_SIGN_IDENTITY = "-";
				COPY_PHASE_STRIP = NO;
				DEBUG_INFORMATION_FORMAT = "dwarf-with-dsym";
				ENABLE_NS_ASSERTIONS = NO;
				ENABLE_STRICT_OBJC_MSGSEND = YES;
				GCC_C_LANGUAGE_STANDARD = gnu99;
				GCC_NO_COMMON_BLOCKS = YES;
				GCC_WARN_64_TO_32_BIT_CONVERSION = YES;
				GCC_WARN_ABOUT_RETURN_TYPE = YES_ERROR;
				GCC_WARN_UNDECLARED_SELECTOR = YES;
				GCC_WARN_UNINITIALIZED_AUTOS = YES_AGGRESSIVE;
				GCC_WARN_UNUSED_FUNCTION = YES;
				GCC_WARN_UNUSED_VARIABLE = YES;
				MACOSX_DEPLOYMENT_TARGET = 10.11;
				MTL_ENABLE_DEBUG_INFO = NO;
				SDKROOT = macosx;
			};
			name = Release;
		};
		A86220B91D406FA000BAC828 /* Debug */ = {
			isa = XCBuildConfiguration;
			buildSettings = {
				ASSETCATALOG_COMPILER_APPICON_NAME = AppIcon;
				CLANG_ENABLE_MODULES = YES;
				COMBINE_HIDPI_IMAGES = YES;
				FRAMEWORK_SEARCH_PATHS = (
					"$(inherited)",
					"$(PROJECT_DIR)/Carthage/Build/Mac",
				);
				INFOPLIST_FILE = MBase/Info.plist;
				LD_RUNPATH_SEARCH_PATHS = "$(inherited) @executable_path/../Frameworks";
				MACOSX_DEPLOYMENT_TARGET = 10.11;
				PRODUCT_BUNDLE_IDENTIFIER = com.pop.MBase;
				PRODUCT_NAME = "$(TARGET_NAME)";
				SWIFT_OBJC_BRIDGING_HEADER = "MBase/MBase-Bridging-Header.h";
				SWIFT_OPTIMIZATION_LEVEL = "-Onone";
			};
			name = Debug;
		};
		A86220BA1D406FA000BAC828 /* Release */ = {
			isa = XCBuildConfiguration;
			buildSettings = {
				ASSETCATALOG_COMPILER_APPICON_NAME = AppIcon;
				CLANG_ENABLE_MODULES = YES;
				COMBINE_HIDPI_IMAGES = YES;
				FRAMEWORK_SEARCH_PATHS = (
					"$(inherited)",
					"$(PROJECT_DIR)/Carthage/Build/Mac",
				);
				INFOPLIST_FILE = MBase/Info.plist;
				LD_RUNPATH_SEARCH_PATHS = "$(inherited) @executable_path/../Frameworks";
				MACOSX_DEPLOYMENT_TARGET = 10.11;
				PRODUCT_BUNDLE_IDENTIFIER = com.pop.MBase;
				PRODUCT_NAME = "$(TARGET_NAME)";
				SWIFT_OBJC_BRIDGING_HEADER = "MBase/MBase-Bridging-Header.h";
			};
			name = Release;
		};
/* End XCBuildConfiguration section */

/* Begin XCConfigurationList section */
		A86220A61D406FA000BAC828 /* Build configuration list for PBXProject "MBase" */ = {
			isa = XCConfigurationList;
			buildConfigurations = (
				A86220B61D406FA000BAC828 /* Debug */,
				A86220B71D406FA000BAC828 /* Release */,
			);
			defaultConfigurationIsVisible = 0;
			defaultConfigurationName = Release;
		};
		A86220B81D406FA000BAC828 /* Build configuration list for PBXNativeTarget "MBase" */ = {
			isa = XCConfigurationList;
			buildConfigurations = (
				A86220B91D406FA000BAC828 /* Debug */,
				A86220BA1D406FA000BAC828 /* Release */,
			);
			defaultConfigurationIsVisible = 0;
			defaultConfigurationName = Release;
		};
/* End XCConfigurationList section */

/* Begin XCVersionGroup section */
		A82AD7A31D4478F400F457B6 /* MBase.xcdatamodeld */ = {
			isa = XCVersionGroup;
			children = (
				A82AD7A41D4478F400F457B6 /* MBase.xcdatamodel */,
			);
			currentVersion = A82AD7A41D4478F400F457B6 /* MBase.xcdatamodel */;
			path = MBase.xcdatamodeld;
			sourceTree = SOURCE_ROOT;
			versionGroupType = wrapper.xcdatamodel;
		};
/* End XCVersionGroup section */
	};
	rootObject = A86220A31D406FA000BAC828 /* Project object */;
}
